
Microsoft Visual Studio Solution File, Format Version 12.00
# Visual Studio 2013
VisualStudioVersion = 12.0.31101.0
MinimumVisualStudioVersion = 10.0.40219.1
Project("{8BC9CEB8-8B4A-11D0-8D11-00A0C91BC942}") = "Scene3D", "Scene3D\Scene3D.vcxproj", "{4DCCAE36-0FE1-4D41-8E43-7DD7723E23D8}"
EndProject
Project("{8BC9CEB8-8B4A-11D0-8D11-00A0C91BC942}") = "AssetCompilerTool", "AssetCompilerTool\AssetCompilerTool.vcxproj", "{BE6F9F0F-4484-4F1F-B5B7-D919FB80F7E4}"
EndProject
Project("{8BC9CEB8-8B4A-11D0-8D11-00A0C91BC942}") = "MapEditor", "MapEditor\MapEditor.vcxproj", "{CFB3642B-8B59-4257-812A-F17B2601DACE}"
EndProject
Project("{8BC9CEB8-8B4A-11D0-8D11-00A0C91BC942}") = "ModelEditor", "ModelEditor\ModelEditor.vcxproj", "{B6A33079-0462-4E4E-A313-0386FAA94DE4}"
EndProject
Project("{8BC9CEB8-8B4A-11D0-8D11-00A0C91BC942}") = "AssetCompiler", "AssetCompiler\AssetCompiler.vcxproj", "{18B9D9F2-3EC8-4522-A20B-E399CD66BF24}"
EndProject
Project("{8BC9CEB8-8B4A-11D0-8D11-00A0C91BC942}") = "AssetCompiler", "BurstDemo\BurstDemo.vcxproj", "{5910969A-36E4-4187-9984-90C8865CF334}"
EndProject
Project("{8BC9CEB8-8B4A-11D0-8D11-00A0C91BC942}") = "Editors", "Editors\Editors.vcxproj", "{A8588D01-1C50-44CB-92CD-707B951D1AA9}"
EndProject
Project("{8BC9CEB8-8B4A-11D0-8D11-00A0C91BC942}") = "ShooterGame", "ShooterGame\ShooterGame.vcxproj", "{C1D1BA03-9318-4439-96C4-911C531B75B6}"
EndProject
Global
	GlobalSection(SolutionConfigurationPlatforms) = preSolution
		Debug|Mixed Platforms = Debug|Mixed Platforms
		Debug|Win32 = Debug|Win32
		Debug|x64 = Debug|x64
		Release|Mixed Platforms = Release|Mixed Platforms
		Release|Win32 = Release|Win32
		Release|x64 = Release|x64
	EndGlobalSection
	GlobalSection(ProjectConfigurationPlatforms) = postSolution
		{4DCCAE36-0FE1-4D41-8E43-7DD7723E23D8}.Debug|Mixed Platforms.ActiveCfg = Debug|Win32
		{4DCCAE36-0FE1-4D41-8E43-7DD7723E23D8}.Debug|Mixed Platforms.Build.0 = Debug|Win32
		{4DCCAE36-0FE1-4D41-8E43-7DD7723E23D8}.Debug|Win32.ActiveCfg = Debug|Win32
		{4DCCAE36-0FE1-4D41-8E43-7DD7723E23D8}.Debug|Win32.Build.0 = Debug|Win32
		{4DCCAE36-0FE1-4D41-8E43-7DD7723E23D8}.Debug|x64.ActiveCfg = Debug|x64
		{4DCCAE36-0FE1-4D41-8E43-7DD7723E23D8}.Debug|x64.Build.0 = Debug|x64
		{4DCCAE36-0FE1-4D41-8E43-7DD7723E23D8}.Release|Mixed Platforms.ActiveCfg = Release|Win32
		{4DCCAE36-0FE1-4D41-8E43-7DD7723E23D8}.Release|Mixed Platforms.Build.0 = Release|Win32
		{4DCCAE36-0FE1-4D41-8E43-7DD7723E23D8}.Release|Win32.ActiveCfg = Release|Win32
		{4DCCAE36-0FE1-4D41-8E43-7DD7723E23D8}.Release|Win32.Build.0 = Release|Win32
		{4DCCAE36-0FE1-4D41-8E43-7DD7723E23D8}.Release|x64.ActiveCfg = Release|x64
		{4DCCAE36-0FE1-4D41-8E43-7DD7723E23D8}.Release|x64.Build.0 = Release|x64
		{BE6F9F0F-4484-4F1F-B5B7-D919FB80F7E4}.Debug|Mixed Platforms.ActiveCfg = Debug|Win32
		{BE6F9F0F-4484-4F1F-B5B7-D919FB80F7E4}.Debug|Mixed Platforms.Build.0 = Debug|Win32
		{BE6F9F0F-4484-4F1F-B5B7-D919FB80F7E4}.Debug|Win32.ActiveCfg = Debug|Win32
		{BE6F9F0F-4484-4F1F-B5B7-D919FB80F7E4}.Debug|Win32.Build.0 = Debug|Win32
		{BE6F9F0F-4484-4F1F-B5B7-D919FB80F7E4}.Debug|x64.ActiveCfg = Debug|x64
		{BE6F9F0F-4484-4F1F-B5B7-D919FB80F7E4}.Debug|x64.Build.0 = Debug|x64
		{BE6F9F0F-4484-4F1F-B5B7-D919FB80F7E4}.Release|Mixed Platforms.ActiveCfg = Release|Win32
		{BE6F9F0F-4484-4F1F-B5B7-D919FB80F7E4}.Release|Mixed Platforms.Build.0 = Release|Win32
		{BE6F9F0F-4484-4F1F-B5B7-D919FB80F7E4}.Release|Win32.ActiveCfg = Release|Win32
		{BE6F9F0F-4484-4F1F-B5B7-D919FB80F7E4}.Release|Win32.Build.0 = Release|Win32
		{BE6F9F0F-4484-4F1F-B5B7-D919FB80F7E4}.Release|x64.ActiveCfg = Release|x64
		{BE6F9F0F-4484-4F1F-B5B7-D919FB80F7E4}.Release|x64.Build.0 = Release|x64
		{CFB3642B-8B59-4257-812A-F17B2601DACE}.Debug|Mixed Platforms.ActiveCfg = Debug|Win32
		{CFB3642B-8B59-4257-812A-F17B2601DACE}.Debug|Mixed Platforms.Build.0 = Debug|Win32
		{CFB3642B-8B59-4257-812A-F17B2601DACE}.Debug|Win32.ActiveCfg = Debug|Win32
		{CFB3642B-8B59-4257-812A-F17B2601DACE}.Debug|Win32.Build.0 = Debug|Win32
		{CFB3642B-8B59-4257-812A-F17B2601DACE}.Debug|x64.ActiveCfg = Debug|x64
		{CFB3642B-8B59-4257-812A-F17B2601DACE}.Debug|x64.Build.0 = Debug|x64
		{CFB3642B-8B59-4257-812A-F17B2601DACE}.Release|Mixed Platforms.ActiveCfg = Release|Win32
		{CFB3642B-8B59-4257-812A-F17B2601DACE}.Release|Mixed Platforms.Build.0 = Release|Win32
		{CFB3642B-8B59-4257-812A-F17B2601DACE}.Release|Win32.ActiveCfg = Release|Win32
		{CFB3642B-8B59-4257-812A-F17B2601DACE}.Release|Win32.Build.0 = Release|Win32
		{CFB3642B-8B59-4257-812A-F17B2601DACE}.Release|x64.ActiveCfg = Release|x64
		{CFB3642B-8B59-4257-812A-F17B2601DACE}.Release|x64.Build.0 = Release|x64
		{B6A33079-0462-4E4E-A313-0386FAA94DE4}.Debug|Mixed Platforms.ActiveCfg = Debug|Win32
		{B6A33079-0462-4E4E-A313-0386FAA94DE4}.Debug|Mixed Platforms.Build.0 = Debug|Win32
		{B6A33079-0462-4E4E-A313-0386FAA94DE4}.Debug|Win32.ActiveCfg = Debug|Win32
		{B6A33079-0462-4E4E-A313-0386FAA94DE4}.Debug|Win32.Build.0 = Debug|Win32
		{B6A33079-0462-4E4E-A313-0386FAA94DE4}.Debug|x64.ActiveCfg = Debug|x64
		{B6A33079-0462-4E4E-A313-0386FAA94DE4}.Debug|x64.Build.0 = Debug|x64
		{B6A33079-0462-4E4E-A313-0386FAA94DE4}.Release|Mixed Platforms.ActiveCfg = Release|Win32
		{B6A33079-0462-4E4E-A313-0386FAA94DE4}.Release|Mixed Platforms.Build.0 = Release|Win32
		{B6A33079-0462-4E4E-A313-0386FAA94DE4}.Release|Win32.ActiveCfg = Release|Win32
		{B6A33079-0462-4E4E-A313-0386FAA94DE4}.Release|Win32.Build.0 = Release|Win32
		{B6A33079-0462-4E4E-A313-0386FAA94DE4}.Release|x64.ActiveCfg = Release|x64
		{B6A33079-0462-4E4E-A313-0386FAA94DE4}.Release|x64.Build.0 = Release|x64
		{18B9D9F2-3EC8-4522-A20B-E399CD66BF24}.Debug|Mixed Platforms.ActiveCfg = Debug|Win32
		{18B9D9F2-3EC8-4522-A20B-E399CD66BF24}.Debug|Mixed Platforms.Build.0 = Debug|Win32
		{18B9D9F2-3EC8-4522-A20B-E399CD66BF24}.Debug|Win32.ActiveCfg = Debug|Win32
		{18B9D9F2-3EC8-4522-A20B-E399CD66BF24}.Debug|Win32.Build.0 = Debug|Win32
		{18B9D9F2-3EC8-4522-A20B-E399CD66BF24}.Debug|x64.ActiveCfg = Debug|x64
		{18B9D9F2-3EC8-4522-A20B-E399CD66BF24}.Debug|x64.Build.0 = Debug|x64
		{18B9D9F2-3EC8-4522-A20B-E399CD66BF24}.Release|Mixed Platforms.ActiveCfg = Release|Win32
		{18B9D9F2-3EC8-4522-A20B-E399CD66BF24}.Release|Mixed Platforms.Build.0 = Release|Win32
		{18B9D9F2-3EC8-4522-A20B-E399CD66BF24}.Release|Win32.ActiveCfg = Release|Win32
		{18B9D9F2-3EC8-4522-A20B-E399CD66BF24}.Release|Win32.Build.0 = Release|Win32
		{18B9D9F2-3EC8-4522-A20B-E399CD66BF24}.Release|x64.ActiveCfg = Release|x64
		{18B9D9F2-3EC8-4522-A20B-E399CD66BF24}.Release|x64.Build.0 = Release|x64
		{5910969A-36E4-4187-9984-90C8865CF334}.Debug|Mixed Platforms.ActiveCfg = Debug|Win32
		{5910969A-36E4-4187-9984-90C8865CF334}.Debug|Mixed Platforms.Build.0 = Debug|Win32
		{5910969A-36E4-4187-9984-90C8865CF334}.Debug|Win32.ActiveCfg = Debug|Win32
		{5910969A-36E4-4187-9984-90C8865CF334}.Debug|Win32.Build.0 = Debug|Win32
		{5910969A-36E4-4187-9984-90C8865CF334}.Debug|x64.ActiveCfg = Debug|x64
		{5910969A-36E4-4187-9984-90C8865CF334}.Debug|x64.Build.0 = Debug|x64
		{5910969A-36E4-4187-9984-90C8865CF334}.Release|Mixed Platforms.ActiveCfg = Release|Win32
		{5910969A-36E4-4187-9984-90C8865CF334}.Release|Mixed Platforms.Build.0 = Release|Win32
		{5910969A-36E4-4187-9984-90C8865CF334}.Release|Win32.ActiveCfg = Release|Win32
		{5910969A-36E4-4187-9984-90C8865CF334}.Release|Win32.Build.0 = Release|Win32
		{5910969A-36E4-4187-9984-90C8865CF334}.Release|x64.ActiveCfg = Release|x64
		{5910969A-36E4-4187-9984-90C8865CF334}.Release|x64.Build.0 = Release|x64
		{A8588D01-1C50-44CB-92CD-707B951D1AA9}.Debug|Mixed Platforms.ActiveCfg = Debug|Win32
		{A8588D01-1C50-44CB-92CD-707B951D1AA9}.Debug|Mixed Platforms.Build.0 = Debug|Win32
		{A8588D01-1C50-44CB-92CD-707B951D1AA9}.Debug|Win32.ActiveCfg = Debug|Win32
		{A8588D01-1C50-44CB-92CD-707B951D1AA9}.Debug|Win32.Build.0 = Debug|Win32
		{A8588D01-1C50-44CB-92CD-707B951D1AA9}.Debug|x64.ActiveCfg = Debug|x64
		{A8588D01-1C50-44CB-92CD-707B951D1AA9}.Debug|x64.Build.0 = Debug|x64
		{A8588D01-1C50-44CB-92CD-707B951D1AA9}.Release|Mixed Platforms.ActiveCfg = Release|Win32
		{A8588D01-1C50-44CB-92CD-707B951D1AA9}.Release|Mixed Platforms.Build.0 = Release|Win32
		{A8588D01-1C50-44CB-92CD-707B951D1AA9}.Release|Win32.ActiveCfg = Release|Win32
		{A8588D01-1C50-44CB-92CD-707B951D1AA9}.Release|Win32.Build.0 = Release|Win32
		{A8588D01-1C50-44CB-92CD-707B951D1AA9}.Release|x64.ActiveCfg = Release|x64
		{A8588D01-1C50-44CB-92CD-707B951D1AA9}.Release|x64.Build.0 = Release|x64
		{C1D1BA03-9318-4439-96C4-911C531B75B6}.Debug|Mixed Platforms.ActiveCfg = Debug|Win32
		{C1D1BA03-9318-4439-96C4-911C531B75B6}.Debug|Mixed Platforms.Build.0 = Debug|Win32
		{C1D1BA03-9318-4439-96C4-911C531B75B6}.Debug|Win32.ActiveCfg = Debug|Win32
		{C1D1BA03-9318-4439-96C4-911C531B75B6}.Debug|Win32.Build.0 = Debug|Win32
		{C1D1BA03-9318-4439-96C4-911C531B75B6}.Debug|x64.ActiveCfg = Debug|x64
		{C1D1BA03-9318-4439-96C4-911C531B75B6}.Debug|x64.Build.0 = Debug|x64
		{C1D1BA03-9318-4439-96C4-911C531B75B6}.Release|Mixed Platforms.ActiveCfg = Release|Win32
		{C1D1BA03-9318-4439-96C4-911C531B75B6}.Release|Mixed Platforms.Build.0 = Release|Win32
		{C1D1BA03-9318-4439-96C4-911C531B75B6}.Release|Win32.ActiveCfg = Release|Win32
		{C1D1BA03-9318-4439-96C4-911C531B75B6}.Release|Win32.Build.0 = Release|Win32
		{C1D1BA03-9318-4439-96C4-911C531B75B6}.Release|x64.ActiveCfg = Release|x64
		{C1D1BA03-9318-4439-96C4-911C531B75B6}.Release|x64.Build.0 = Release|x64
	EndGlobalSection
	GlobalSection(SolutionProperties) = preSolution
		HideSolutionNode = FALSE
	EndGlobalSection
EndGlobal
