<?xml version="1.0" encoding="utf-8"?>
<Project ToolsVersion="4.0" xmlns="http://schemas.microsoft.com/developer/msbuild/2003">
  <ItemGroup>
    <Filter Include="Model">
      <UniqueIdentifier>{ad9fe85b-280f-472f-8b1e-617a63002db0}</UniqueIdentifier>
    </Filter>
    <Filter Include="Model\Commands">
      <UniqueIdentifier>{51d1247d-fff2-4cb8-a381-d8a287e5807f}</UniqueIdentifier>
    </Filter>
    <Filter Include="Views">
      <UniqueIdentifier>{2053cb8c-a395-4400-98af-2d50e1052ece}</UniqueIdentifier>
    </Filter>
    <Filter Include="Controllers">
      <UniqueIdentifier>{90ff30f9-8cef-4dbc-a586-97bae7ea17ca}</UniqueIdentifier>
    </Filter>
    <Filter Include="Controllers\MainWindow">
      <UniqueIdentifier>{793c5f73-9021-4ca4-b7f8-7ed8fcf46326}</UniqueIdentifier>
    </Filter>
    <Filter Include="Views\Header">
      <UniqueIdentifier>{36110ab4-2de5-4ff8-a483-8f3cbd6c3986}</UniqueIdentifier>
    </Filter>
    <Filter Include="Views\Scene">
      <UniqueIdentifier>{152acbd1-1f1c-43c6-8267-2d0f50b50b9f}</UniqueIdentifier>
    </Filter>
    <Filter Include="Views\Rollout">
      <UniqueIdentifier>{d55376b4-6bd5-4327-8471-35f99bc6930e}</UniqueIdentifier>
    </Filter>
    <Filter Include="Controllers\Workspace">
      <UniqueIdentifier>{305029f2-0327-4482-9c22-0f80177e5875}</UniqueIdentifier>
    </Filter>
    <Filter Include="Controllers\Scene">
      <UniqueIdentifier>{784e753d-82d8-46d1-839d-6176eae46241}</UniqueIdentifier>
    </Filter>
    <Filter Include="Controllers\Animations">
      <UniqueIdentifier>{57f3eb26-439a-4d3c-8551-d254a7432bb2}</UniqueIdentifier>
    </Filter>
    <Filter Include="Controllers\Attachments">
      <UniqueIdentifier>{db36d6a7-7b96-48eb-abdc-95459af8eaaa}</UniqueIdentifier>
    </Filter>
    <Filter Include="Controllers\Materials">
      <UniqueIdentifier>{194f3138-dc36-4403-ab89-4f6040e59d97}</UniqueIdentifier>
    </Filter>
    <Filter Include="Controllers\Lights">
      <UniqueIdentifier>{15ec84bd-3747-4728-8a79-6ce76e0a23ea}</UniqueIdentifier>
    </Filter>
    <Filter Include="Controllers\Bones">
      <UniqueIdentifier>{783fb30b-2e78-40fc-bcb2-868bf2db6c8e}</UniqueIdentifier>
    </Filter>
    <Filter Include="Controllers\Cameras">
      <UniqueIdentifier>{fcc80a2b-b9ae-43bd-9dba-da68e5426496}</UniqueIdentifier>
    </Filter>
    <Filter Include="Controllers\Environment">
      <UniqueIdentifier>{a99383e8-fef3-4713-96b3-5e23ac44170e}</UniqueIdentifier>
    </Filter>
  </ItemGroup>
  <ItemGroup>
    <ClInclude Include="Model\app_model.h">
      <Filter>Model</Filter>
    </ClInclude>
    <ClInclude Include="Model\undo_system.h">
      <Filter>Model</Filter>
    </ClInclude>
    <ClInclude Include="Model\Commands\model_command.h">
      <Filter>Model\Commands</Filter>
    </ClInclude>
    <ClInclude Include="Model\Commands\update_animation_command.h">
      <Filter>Model\Commands</Filter>
    </ClInclude>
    <ClInclude Include="precomp.h" />
    <ClInclude Include="Controllers\MainWindow\main_window.h">
      <Filter>Controllers\MainWindow</Filter>
    </ClInclude>
    <ClInclude Include="Views\Header\header_view.h">
      <Filter>Views\Header</Filter>
    </ClInclude>
    <ClInclude Include="Views\Scene\scene_view.h">
      <Filter>Views\Scene</Filter>
    </ClInclude>
    <ClInclude Include="Views\Scene\viewer_scene_cache.h">
      <Filter>Views\Scene</Filter>
    </ClInclude>
    <ClInclude Include="Views\Rollout\rollout_header.h">
      <Filter>Views\Rollout</Filter>
    </ClInclude>
    <ClInclude Include="Views\Rollout\rollout_list.h">
      <Filter>Views\Rollout</Filter>
    </ClInclude>
    <ClInclude Include="Views\Rollout\rollout_text_field_property.h">
      <Filter>Views\Rollout</Filter>
    </ClInclude>
    <ClInclude Include="Views\Rollout\rollout_view.h">
      <Filter>Views\Rollout</Filter>
    </ClInclude>
    <ClInclude Include="Controllers\Workspace\workspace_controller.h">
      <Filter>Controllers\Workspace</Filter>
    </ClInclude>
    <ClInclude Include="Controllers\Scene\scene_controller.h">
      <Filter>Controllers\Scene</Filter>
    </ClInclude>
    <ClInclude Include="Controllers\Animations\animations_controller.h">
      <Filter>Controllers\Animations</Filter>
    </ClInclude>
    <ClInclude Include="Controllers\Attachments\attachments_controller.h">
      <Filter>Controllers\Attachments</Filter>
    </ClInclude>
    <ClInclude Include="Model\Commands\update_attachment_command.h">
      <Filter>Model\Commands</Filter>
    </ClInclude>
    <ClInclude Include="Views\Rollout\rollout_position_property.h">
      <Filter>Views\Rollout</Filter>
    </ClInclude>
    <ClInclude Include="Controllers\Materials\materials_controller.h">
      <Filter>Controllers\Materials</Filter>
    </ClInclude>
    <ClInclude Include="Model\Commands\update_material_command.h">
      <Filter>Model\Commands</Filter>
    </ClInclude>
    <ClInclude Include="Controllers\Lights\lights_controller.h">
      <Filter>Controllers\Lights</Filter>
    </ClInclude>
    <ClInclude Include="Controllers\Bones\bones_controller.h">
      <Filter>Controllers\Bones</Filter>
    </ClInclude>
    <ClInclude Include="Controllers\Cameras\cameras_controller.h">
      <Filter>Controllers\Cameras</Filter>
    </ClInclude>
    <ClInclude Include="Model\Commands\add_animation_command.h">
      <Filter>Model\Commands</Filter>
    </ClInclude>
    <ClInclude Include="Model\Commands\add_attachment_command.h">
      <Filter>Model\Commands</Filter>
    </ClInclude>
    <ClInclude Include="Model\Commands\add_material_command.h">
      <Filter>Model\Commands</Filter>
    </ClInclude>
    <ClInclude Include="Views\Rollout\rollout_browse_field_property.h">
      <Filter>Views\Rollout</Filter>
    </ClInclude>
    <ClInclude Include="resource.h" />
    <ClInclude Include="Views\Header\header_menu_view.h">
      <Filter>Views\Header</Filter>
    </ClInclude>
    <ClInclude Include="Controllers\Environment\environment_controller.h">
      <Filter>Controllers\Environment</Filter>
    </ClInclude>
    <ClInclude Include="Model\Commands\set_map_model_command.h">
      <Filter>Model\Commands</Filter>
    </ClInclude>
  </ItemGroup>
  <ItemGroup>
    <ClCompile Include="Model\app_model.cpp">
      <Filter>Model</Filter>
    </ClCompile>
    <ClCompile Include="Model\undo_system.cpp">
      <Filter>Model</Filter>
    </ClCompile>
    <ClCompile Include="Model\Commands\update_animation_command.cpp">
      <Filter>Model\Commands</Filter>
    </ClCompile>
    <ClCompile Include="main.cpp" />
    <ClCompile Include="precomp.cpp" />
    <ClCompile Include="Controllers\MainWindow\main_window.cpp">
      <Filter>Controllers\MainWindow</Filter>
    </ClCompile>
    <ClCompile Include="Views\Header\header_view.cpp">
      <Filter>Views\Header</Filter>
    </ClCompile>
    <ClCompile Include="Views\Scene\scene_view.cpp">
      <Filter>Views\Scene</Filter>
    </ClCompile>
    <ClCompile Include="Views\Scene\viewer_scene_cache.cpp">
      <Filter>Views\Scene</Filter>
    </ClCompile>
    <ClCompile Include="Views\Rollout\rollout_header.cpp">
      <Filter>Views\Rollout</Filter>
    </ClCompile>
    <ClCompile Include="Views\Rollout\rollout_list.cpp">
      <Filter>Views\Rollout</Filter>
    </ClCompile>
    <ClCompile Include="Views\Rollout\rollout_text_field_property.cpp">
      <Filter>Views\Rollout</Filter>
    </ClCompile>
    <ClCompile Include="Views\Rollout\rollout_view.cpp">
      <Filter>Views\Rollout</Filter>
    </ClCompile>
    <ClCompile Include="Controllers\Workspace\workspace_controller.cpp">
      <Filter>Controllers\Workspace</Filter>
    </ClCompile>
    <ClCompile Include="Controllers\Scene\scene_controller.cpp">
      <Filter>Controllers\Scene</Filter>
    </ClCompile>
    <ClCompile Include="Controllers\Animations\animations_controller.cpp">
      <Filter>Controllers\Animations</Filter>
    </ClCompile>
    <ClCompile Include="Controllers\Attachments\attachments_controller.cpp">
      <Filter>Controllers\Attachments</Filter>
    </ClCompile>
    <ClCompile Include="Model\Commands\update_attachment_command.cpp">
      <Filter>Model\Commands</Filter>
    </ClCompile>
    <ClCompile Include="Views\Rollout\rollout_position_property.cpp">
      <Filter>Views\Rollout</Filter>
    </ClCompile>
    <ClCompile Include="Controllers\Materials\materials_controller.cpp">
      <Filter>Controllers\Materials</Filter>
    </ClCompile>
    <ClCompile Include="Model\Commands\update_material_command.cpp">
      <Filter>Model\Commands</Filter>
    </ClCompile>
    <ClCompile Include="Controllers\Lights\lights_controller.cpp">
      <Filter>Controllers\Lights</Filter>
    </ClCompile>
    <ClCompile Include="Controllers\Bones\bones_controller.cpp">
      <Filter>Controllers\Bones</Filter>
    </ClCompile>
    <ClCompile Include="Controllers\Cameras\cameras_controller.cpp">
      <Filter>Controllers\Cameras</Filter>
    </ClCompile>
    <ClCompile Include="Model\Commands\add_animation_command.cpp">
      <Filter>Model\Commands</Filter>
    </ClCompile>
    <ClCompile Include="Model\Commands\add_attachment_command.cpp">
      <Filter>Model\Commands</Filter>
    </ClCompile>
    <ClCompile Include="Model\Commands\add_material_command.cpp">
      <Filter>Model\Commands</Filter>
    </ClCompile>
    <ClCompile Include="Views\Rollout\rollout_browse_field_property.cpp">
      <Filter>Views\Rollout</Filter>
    </ClCompile>
    <ClCompile Include="Views\Header\header_menu_view.cpp">
      <Filter>Views\Header</Filter>
    </ClCompile>
    <ClCompile Include="Controllers\Environment\environment_controller.cpp">
      <Filter>Controllers\Environment</Filter>
    </ClCompile>
    <ClCompile Include="Model\Commands\set_map_model_command.cpp">
      <Filter>Model\Commands</Filter>
    </ClCompile>
  </ItemGroup>
  <ItemGroup>
    <ResourceCompile Include="resource.rc" />
  </ItemGroup>
</Project>