<?xml version="1.0" encoding="utf-8"?>
<Project ToolsVersion="4.0" xmlns="http://schemas.microsoft.com/developer/msbuild/2003">
  <ItemGroup>
    <Filter Include="Controllers">
      <UniqueIdentifier>{d8b0d133-fbe8-4cee-b98e-747fd346f28a}</UniqueIdentifier>
    </Filter>
    <Filter Include="Controllers\ModelEditor">
      <UniqueIdentifier>{6825712c-60b8-4274-9ca6-2d2db48ba325}</UniqueIdentifier>
    </Filter>
    <Filter Include="Controllers\ModelEditor\Scene">
      <UniqueIdentifier>{a24219b0-2a1f-489d-a1a3-f0cbe486bac5}</UniqueIdentifier>
    </Filter>
    <Filter Include="Controllers\Workspace">
      <UniqueIdentifier>{19904000-0685-479b-8c00-829c78e43018}</UniqueIdentifier>
    </Filter>
    <Filter Include="Model">
      <UniqueIdentifier>{6ecc33c4-1276-40b0-ad95-448a5d139679}</UniqueIdentifier>
    </Filter>
    <Filter Include="Model\ModelEditor">
      <UniqueIdentifier>{21ca5dec-c36a-421b-92ac-9ae26a6741ce}</UniqueIdentifier>
    </Filter>
    <Filter Include="Model\ModelEditor\Commands">
      <UniqueIdentifier>{6c891090-10fa-4e32-b473-b1ee26f22bd3}</UniqueIdentifier>
    </Filter>
    <Filter Include="Model\UndoSystem">
      <UniqueIdentifier>{cbe3f131-ce45-4150-bb35-49f421c106ee}</UniqueIdentifier>
    </Filter>
    <Filter Include="Views">
      <UniqueIdentifier>{6e14bfff-662d-4afb-84be-4b1dfd9f1cbe}</UniqueIdentifier>
    </Filter>
    <Filter Include="Views\Header">
      <UniqueIdentifier>{0928b522-0aba-4a00-b212-17832ac0d22b}</UniqueIdentifier>
    </Filter>
    <Filter Include="Views\Rollout">
      <UniqueIdentifier>{4a3cdf66-cc7b-4de1-8940-c18718c31434}</UniqueIdentifier>
    </Filter>
    <Filter Include="Views\Scene">
      <UniqueIdentifier>{4a6df7fe-4a10-439d-8448-4b0651287fe1}</UniqueIdentifier>
    </Filter>
    <Filter Include="Controllers\ModelEditor\ModelEditorWindow">
      <UniqueIdentifier>{2db6148d-5dc6-4602-9fb2-2562e8341e88}</UniqueIdentifier>
    </Filter>
    <Filter Include="Controllers\ModelEditor\SidePanels">
      <UniqueIdentifier>{4de6191b-ca30-437e-96c7-7a70fc50e9fd}</UniqueIdentifier>
    </Filter>
    <Filter Include="Controllers\ModelEditor\SidePanels\Animations">
      <UniqueIdentifier>{1b515219-88d2-4d07-8e33-649183b0a8a8}</UniqueIdentifier>
    </Filter>
    <Filter Include="Controllers\ModelEditor\SidePanels\Attachments">
      <UniqueIdentifier>{2ba72ad2-6243-4830-8957-4620541360dd}</UniqueIdentifier>
    </Filter>
    <Filter Include="Controllers\ModelEditor\SidePanels\Bones">
      <UniqueIdentifier>{56595a38-d6a2-4a90-847c-c95c0d4d0519}</UniqueIdentifier>
    </Filter>
    <Filter Include="Controllers\ModelEditor\SidePanels\Cameras">
      <UniqueIdentifier>{f00a7897-1874-482f-ad5a-40a2eea58188}</UniqueIdentifier>
    </Filter>
    <Filter Include="Controllers\ModelEditor\SidePanels\Environment">
      <UniqueIdentifier>{6914a323-ed33-4633-a121-da565dbbd62a}</UniqueIdentifier>
    </Filter>
    <Filter Include="Controllers\ModelEditor\SidePanels\Lights">
      <UniqueIdentifier>{7a761781-3c33-41a7-907a-2df5ae60783c}</UniqueIdentifier>
    </Filter>
    <Filter Include="Controllers\ModelEditor\SidePanels\Materials">
      <UniqueIdentifier>{5b260bc6-c1fb-49de-a40d-88fb48b4ce9c}</UniqueIdentifier>
    </Filter>
    <Filter Include="Model\MapEditor">
      <UniqueIdentifier>{716b5e73-d431-4347-88b5-52b42c8fac5b}</UniqueIdentifier>
    </Filter>
    <Filter Include="Model\MapEditor\Commands">
      <UniqueIdentifier>{ea492ecf-d787-4668-aee5-35798bd43412}</UniqueIdentifier>
    </Filter>
    <Filter Include="Controllers\MapEditor">
      <UniqueIdentifier>{1991a2bf-a1de-4794-a6c2-5463d1d96cd6}</UniqueIdentifier>
    </Filter>
    <Filter Include="Controllers\MapEditor\MapEditorWindow">
      <UniqueIdentifier>{f053de50-85df-4e46-8c65-baac5124babb}</UniqueIdentifier>
    </Filter>
    <Filter Include="Controllers\MapEditor\SidePanels">
      <UniqueIdentifier>{c904a413-60b8-47f1-a0a0-5b0705a469c0}</UniqueIdentifier>
    </Filter>
    <Filter Include="Controllers\MapEditor\MapScene">
      <UniqueIdentifier>{37cef7f1-21a3-4789-b945-14f360d319c5}</UniqueIdentifier>
    </Filter>
    <Filter Include="Controllers\SidePanel">
      <UniqueIdentifier>{a629c759-a44d-46f8-a207-30765c59dd82}</UniqueIdentifier>
    </Filter>
    <Filter Include="Views\Theme">
      <UniqueIdentifier>{bfe8c56e-819f-420e-a2bd-8085608b2217}</UniqueIdentifier>
    </Filter>
    <Filter Include="Controllers\AssetCompiler">
      <UniqueIdentifier>{25d3c5e6-dff1-4d35-875a-1721b80f05e7}</UniqueIdentifier>
    </Filter>
    <Filter Include="Controllers\AssetCompiler\AssetCompilerWindow">
      <UniqueIdentifier>{3b0bb7a0-c41c-4af7-a42c-a5597d4cca57}</UniqueIdentifier>
    </Filter>
    <Filter Include="Views\AssetCompilerWindow">
      <UniqueIdentifier>{4a910a44-165e-4898-9563-18d2987cca77}</UniqueIdentifier>
    </Filter>
    <Filter Include="Views\Grid">
      <UniqueIdentifier>{979f5a3a-dd6d-418e-a84a-d5f0a9c8bd34}</UniqueIdentifier>
    </Filter>
    <Filter Include="Controllers\MapEditor\SidePanels\Edit">
      <UniqueIdentifier>{23bde2b1-0f21-472d-922e-a92354a5d6c4}</UniqueIdentifier>
    </Filter>
    <Filter Include="Views\MapEditor">
      <UniqueIdentifier>{c00e0f92-a8ea-4a68-82a3-be679152088c}</UniqueIdentifier>
    </Filter>
    <Filter Include="Views\PopupMenu">
      <UniqueIdentifier>{cfcd37ef-d05f-4fbd-abd9-f6c133292efc}</UniqueIdentifier>
    </Filter>
    <Filter Include="Controllers\PopupMenu">
      <UniqueIdentifier>{0fa3913c-2ea6-433d-84f1-f6825ec92040}</UniqueIdentifier>
    </Filter>
    <Filter Include="Views\ModelEditor">
      <UniqueIdentifier>{96cacef3-a13f-4146-928f-ae3aa41ef142}</UniqueIdentifier>
    </Filter>
  </ItemGroup>
  <ItemGroup>
    <ClCompile Include="Controllers\ModelEditor\Scene\scene_controller.cpp">
      <Filter>Controllers\ModelEditor\Scene</Filter>
    </ClCompile>
    <ClCompile Include="Controllers\Workspace\workspace_controller.cpp">
      <Filter>Controllers\Workspace</Filter>
    </ClCompile>
    <ClCompile Include="Model\ModelEditor\model_app_model.cpp">
      <Filter>Model\ModelEditor</Filter>
    </ClCompile>
    <ClCompile Include="Model\ModelEditor\Commands\add_animation_command.cpp">
      <Filter>Model\ModelEditor\Commands</Filter>
    </ClCompile>
    <ClCompile Include="Model\ModelEditor\Commands\add_attachment_command.cpp">
      <Filter>Model\ModelEditor\Commands</Filter>
    </ClCompile>
    <ClCompile Include="Model\ModelEditor\Commands\add_material_command.cpp">
      <Filter>Model\ModelEditor\Commands</Filter>
    </ClCompile>
    <ClCompile Include="Model\ModelEditor\Commands\set_map_model_command.cpp">
      <Filter>Model\ModelEditor\Commands</Filter>
    </ClCompile>
    <ClCompile Include="Model\ModelEditor\Commands\update_animation_command.cpp">
      <Filter>Model\ModelEditor\Commands</Filter>
    </ClCompile>
    <ClCompile Include="Model\ModelEditor\Commands\update_attachment_command.cpp">
      <Filter>Model\ModelEditor\Commands</Filter>
    </ClCompile>
    <ClCompile Include="Model\ModelEditor\Commands\update_material_command.cpp">
      <Filter>Model\ModelEditor\Commands</Filter>
    </ClCompile>
    <ClCompile Include="Model\UndoSystem\undo_system.cpp">
      <Filter>Model\UndoSystem</Filter>
    </ClCompile>
    <ClCompile Include="Views\Header\header_menu_view.cpp">
      <Filter>Views\Header</Filter>
    </ClCompile>
    <ClCompile Include="Views\Header\header_view.cpp">
      <Filter>Views\Header</Filter>
    </ClCompile>
    <ClCompile Include="Views\Scene\mouse_movement.cpp">
      <Filter>Views\Scene</Filter>
    </ClCompile>
    <ClCompile Include="Views\Scene\scene_view.cpp">
      <Filter>Views\Scene</Filter>
    </ClCompile>
    <ClCompile Include="Views\Rollout\rollout_browse_field_property.cpp">
      <Filter>Views\Rollout</Filter>
    </ClCompile>
    <ClCompile Include="Views\Rollout\rollout_header.cpp">
      <Filter>Views\Rollout</Filter>
    </ClCompile>
    <ClCompile Include="Views\Rollout\rollout_list.cpp">
      <Filter>Views\Rollout</Filter>
    </ClCompile>
    <ClCompile Include="Views\Rollout\rollout_position_property.cpp">
      <Filter>Views\Rollout</Filter>
    </ClCompile>
    <ClCompile Include="Views\Rollout\rollout_text_field_property.cpp">
      <Filter>Views\Rollout</Filter>
    </ClCompile>
    <ClCompile Include="Views\Rollout\rollout_view.cpp">
      <Filter>Views\Rollout</Filter>
    </ClCompile>
    <ClCompile Include="precomp.cpp" />
    <ClCompile Include="Controllers\ModelEditor\ModelEditorWindow\model_editor_window.cpp">
      <Filter>Controllers\ModelEditor\ModelEditorWindow</Filter>
    </ClCompile>
    <ClCompile Include="Controllers\ModelEditor\SidePanels\Animations\animations_controller.cpp">
      <Filter>Controllers\ModelEditor\SidePanels\Animations</Filter>
    </ClCompile>
    <ClCompile Include="Controllers\ModelEditor\SidePanels\Attachments\attachments_controller.cpp">
      <Filter>Controllers\ModelEditor\SidePanels\Attachments</Filter>
    </ClCompile>
    <ClCompile Include="Controllers\ModelEditor\SidePanels\Bones\bones_controller.cpp">
      <Filter>Controllers\ModelEditor\SidePanels\Bones</Filter>
    </ClCompile>
    <ClCompile Include="Controllers\ModelEditor\SidePanels\Cameras\cameras_controller.cpp">
      <Filter>Controllers\ModelEditor\SidePanels\Cameras</Filter>
    </ClCompile>
    <ClCompile Include="Controllers\ModelEditor\SidePanels\Environment\environment_controller.cpp">
      <Filter>Controllers\ModelEditor\SidePanels\Environment</Filter>
    </ClCompile>
    <ClCompile Include="Controllers\ModelEditor\SidePanels\Lights\lights_controller.cpp">
      <Filter>Controllers\ModelEditor\SidePanels\Lights</Filter>
    </ClCompile>
    <ClCompile Include="Controllers\ModelEditor\SidePanels\Materials\materials_controller.cpp">
      <Filter>Controllers\ModelEditor\SidePanels\Materials</Filter>
    </ClCompile>
    <ClCompile Include="Model\MapEditor\map_app_model.cpp">
      <Filter>Model\MapEditor</Filter>
    </ClCompile>
    <ClCompile Include="Controllers\MapEditor\MapEditorWindow\map_editor_window.cpp">
      <Filter>Controllers\MapEditor\MapEditorWindow</Filter>
    </ClCompile>
    <ClCompile Include="Controllers\MapEditor\MapScene\map_scene_controller.cpp">
      <Filter>Controllers\MapEditor\MapScene</Filter>
    </ClCompile>
    <ClCompile Include="Controllers\SidePanel\side_panel_controller.cpp">
      <Filter>Controllers\SidePanel</Filter>
    </ClCompile>
    <ClCompile Include="Model\MapEditor\Commands\add_map_material_command.cpp">
      <Filter>Model\MapEditor\Commands</Filter>
    </ClCompile>
    <ClCompile Include="Model\MapEditor\Commands\update_map_material_command.cpp">
      <Filter>Model\MapEditor\Commands</Filter>
    </ClCompile>
    <ClCompile Include="Views\Rollout\rollout_button.cpp">
      <Filter>Views\Rollout</Filter>
    </ClCompile>
    <ClCompile Include="Model\MapEditor\Commands\set_map_object_mesh_command.cpp">
      <Filter>Model\MapEditor\Commands</Filter>
    </ClCompile>
    <ClCompile Include="Views\Theme\theme_views.cpp">
      <Filter>Views\Theme</Filter>
    </ClCompile>
    <ClCompile Include="Model\MapEditor\Commands\update_map_object_command.cpp">
      <Filter>Model\MapEditor\Commands</Filter>
    </ClCompile>
    <ClCompile Include="Controllers\AssetCompiler\AssetCompilerWindow\asset_compiler_window.cpp">
      <Filter>Controllers\AssetCompiler\AssetCompilerWindow</Filter>
    </ClCompile>
    <ClCompile Include="Views\Grid\grid_view.cpp">
      <Filter>Views\Grid</Filter>
    </ClCompile>
    <ClCompile Include="Views\Scene\scene_rotate_action.cpp">
      <Filter>Views\Scene</Filter>
    </ClCompile>
    <ClCompile Include="Views\Scene\scene_move_action.cpp">
      <Filter>Views\Scene</Filter>
    </ClCompile>
    <ClCompile Include="Controllers\MapEditor\MapScene\map_scene_create_object_action.cpp">
      <Filter>Controllers\MapEditor\MapScene</Filter>
    </ClCompile>
    <ClCompile Include="Model\MapEditor\Commands\add_map_object_command.cpp">
      <Filter>Model\MapEditor\Commands</Filter>
    </ClCompile>
    <ClCompile Include="Model\MapEditor\Commands\remove_map_object_command.cpp">
      <Filter>Model\MapEditor\Commands</Filter>
    </ClCompile>
    <ClCompile Include="Controllers\MapEditor\SidePanels\Edit\map_edit_controller.cpp">
      <Filter>Controllers\MapEditor\SidePanels\Edit</Filter>
    </ClCompile>
    <ClCompile Include="Controllers\PopupMenu\popup_menu_controller.cpp">
      <Filter>Controllers\PopupMenu</Filter>
    </ClCompile>
    <ClCompile Include="Model\ModelEditor\Commands\add_bone_command.cpp">
      <Filter>Model\ModelEditor\Commands</Filter>
    </ClCompile>
    <ClCompile Include="Model\ModelEditor\Commands\update_bone_command.cpp">
      <Filter>Model\ModelEditor\Commands</Filter>
    </ClCompile>
    <ClCompile Include="Views\Scene\scene_pivot_action.cpp" />
    <ClCompile Include="Controllers\AssetCompiler\AssetCompilerWindow\build_controller.cpp" />
    <ClCompile Include="Controllers\AssetCompiler\AssetCompilerWindow\asset_explorer_controller.cpp" />
    <ClCompile Include="Views\AssetCompilerWindow\tree_view.cpp" />
    <ClCompile Include="Views\AssetCompilerWindow\tree_item.cpp" />
  </ItemGroup>
  <ItemGroup>
    <ClInclude Include="Controllers\ModelEditor\Scene\scene_controller.h">
      <Filter>Controllers\ModelEditor\Scene</Filter>
    </ClInclude>
    <ClInclude Include="Controllers\Workspace\workspace_controller.h">
      <Filter>Controllers\Workspace</Filter>
    </ClInclude>
    <ClInclude Include="Model\ModelEditor\model_app_model.h">
      <Filter>Model\ModelEditor</Filter>
    </ClInclude>
    <ClInclude Include="Model\ModelEditor\Commands\add_animation_command.h">
      <Filter>Model\ModelEditor\Commands</Filter>
    </ClInclude>
    <ClInclude Include="Model\ModelEditor\Commands\add_attachment_command.h">
      <Filter>Model\ModelEditor\Commands</Filter>
    </ClInclude>
    <ClInclude Include="Model\ModelEditor\Commands\add_material_command.h">
      <Filter>Model\ModelEditor\Commands</Filter>
    </ClInclude>
    <ClInclude Include="Model\ModelEditor\Commands\set_map_model_command.h">
      <Filter>Model\ModelEditor\Commands</Filter>
    </ClInclude>
    <ClInclude Include="Model\ModelEditor\Commands\update_animation_command.h">
      <Filter>Model\ModelEditor\Commands</Filter>
    </ClInclude>
    <ClInclude Include="Model\ModelEditor\Commands\update_attachment_command.h">
      <Filter>Model\ModelEditor\Commands</Filter>
    </ClInclude>
    <ClInclude Include="Model\ModelEditor\Commands\update_material_command.h">
      <Filter>Model\ModelEditor\Commands</Filter>
    </ClInclude>
    <ClInclude Include="Model\UndoSystem\undo_system.h">
      <Filter>Model\UndoSystem</Filter>
    </ClInclude>
    <ClInclude Include="Views\Header\header_menu_view.h">
      <Filter>Views\Header</Filter>
    </ClInclude>
    <ClInclude Include="Views\Header\header_view.h">
      <Filter>Views\Header</Filter>
    </ClInclude>
    <ClInclude Include="Views\Scene\mouse_movement.h">
      <Filter>Views\Scene</Filter>
    </ClInclude>
    <ClInclude Include="Views\Scene\scene_view.h">
      <Filter>Views\Scene</Filter>
    </ClInclude>
    <ClInclude Include="Views\Rollout\rollout_browse_field_property.h">
      <Filter>Views\Rollout</Filter>
    </ClInclude>
    <ClInclude Include="Views\Rollout\rollout_header.h">
      <Filter>Views\Rollout</Filter>
    </ClInclude>
    <ClInclude Include="Views\Rollout\rollout_list.h">
      <Filter>Views\Rollout</Filter>
    </ClInclude>
    <ClInclude Include="Views\Rollout\rollout_position_property.h">
      <Filter>Views\Rollout</Filter>
    </ClInclude>
    <ClInclude Include="Views\Rollout\rollout_text_field_property.h">
      <Filter>Views\Rollout</Filter>
    </ClInclude>
    <ClInclude Include="Views\Rollout\rollout_view.h">
      <Filter>Views\Rollout</Filter>
    </ClInclude>
    <ClInclude Include="precomp.h" />
    <ClInclude Include="Model\UndoSystem\model_command.h">
      <Filter>Model\UndoSystem</Filter>
    </ClInclude>
    <ClInclude Include="Controllers\ModelEditor\ModelEditorWindow\model_editor_window.h">
      <Filter>Controllers\ModelEditor\ModelEditorWindow</Filter>
    </ClInclude>
    <ClInclude Include="Controllers\ModelEditor\SidePanels\Animations\animations_controller.h">
      <Filter>Controllers\ModelEditor\SidePanels\Animations</Filter>
    </ClInclude>
    <ClInclude Include="Controllers\ModelEditor\SidePanels\Attachments\attachments_controller.h">
      <Filter>Controllers\ModelEditor\SidePanels\Attachments</Filter>
    </ClInclude>
    <ClInclude Include="Controllers\ModelEditor\SidePanels\Bones\bones_controller.h">
      <Filter>Controllers\ModelEditor\SidePanels\Bones</Filter>
    </ClInclude>
    <ClInclude Include="Controllers\ModelEditor\SidePanels\Cameras\cameras_controller.h">
      <Filter>Controllers\ModelEditor\SidePanels\Cameras</Filter>
    </ClInclude>
    <ClInclude Include="Controllers\ModelEditor\SidePanels\Environment\environment_controller.h">
      <Filter>Controllers\ModelEditor\SidePanels\Environment</Filter>
    </ClInclude>
    <ClInclude Include="Controllers\ModelEditor\SidePanels\Lights\lights_controller.h">
      <Filter>Controllers\ModelEditor\SidePanels\Lights</Filter>
    </ClInclude>
    <ClInclude Include="Controllers\ModelEditor\SidePanels\Materials\materials_controller.h">
      <Filter>Controllers\ModelEditor\SidePanels\Materials</Filter>
    </ClInclude>
    <ClInclude Include="Model\MapEditor\map_app_model.h">
      <Filter>Model\MapEditor</Filter>
    </ClInclude>
    <ClInclude Include="Controllers\MapEditor\MapEditorWindow\map_editor_window.h">
      <Filter>Controllers\MapEditor\MapEditorWindow</Filter>
    </ClInclude>
    <ClInclude Include="Controllers\MapEditor\MapScene\map_scene_controller.h">
      <Filter>Controllers\MapEditor\MapScene</Filter>
    </ClInclude>
    <ClInclude Include="Controllers\SidePanel\side_panel_controller.h">
      <Filter>Controllers\SidePanel</Filter>
    </ClInclude>
    <ClInclude Include="Model\MapEditor\Commands\add_map_material_command.h">
      <Filter>Model\MapEditor\Commands</Filter>
    </ClInclude>
    <ClInclude Include="Model\MapEditor\Commands\update_map_material_command.h">
      <Filter>Model\MapEditor\Commands</Filter>
    </ClInclude>
    <ClInclude Include="Views\Rollout\rollout_button.h">
      <Filter>Views\Rollout</Filter>
    </ClInclude>
    <ClInclude Include="Model\MapEditor\Commands\set_map_object_mesh_command.h">
      <Filter>Model\MapEditor\Commands</Filter>
    </ClInclude>
    <ClInclude Include="Views\Theme\theme_views.h">
      <Filter>Views\Theme</Filter>
    </ClInclude>
    <ClInclude Include="Model\MapEditor\Commands\update_map_object_command.h">
      <Filter>Model\MapEditor\Commands</Filter>
    </ClInclude>
    <ClInclude Include="Controllers\AssetCompiler\AssetCompilerWindow\asset_compiler_window.h">
      <Filter>Controllers\AssetCompiler\AssetCompilerWindow</Filter>
    </ClInclude>
    <ClInclude Include="Views\AssetCompilerWindow\asset_compiler_window_view.h">
      <Filter>Views\AssetCompilerWindow</Filter>
    </ClInclude>
    <ClInclude Include="Views\Grid\grid_view.h">
      <Filter>Views\Grid</Filter>
    </ClInclude>
    <ClInclude Include="Views\Scene\scene_rotate_action.h">
      <Filter>Views\Scene</Filter>
    </ClInclude>
    <ClInclude Include="Views\Scene\scene_move_action.h">
      <Filter>Views\Scene</Filter>
    </ClInclude>
    <ClInclude Include="Controllers\MapEditor\MapScene\map_scene_create_object_action.h">
      <Filter>Controllers\MapEditor\MapScene</Filter>
    </ClInclude>
    <ClInclude Include="Model\MapEditor\Commands\add_map_object_command.h">
      <Filter>Model\MapEditor\Commands</Filter>
    </ClInclude>
    <ClInclude Include="Model\MapEditor\Commands\remove_map_object_command.h">
      <Filter>Model\MapEditor\Commands</Filter>
    </ClInclude>
    <ClInclude Include="Controllers\MapEditor\SidePanels\Edit\map_edit_controller.h">
      <Filter>Controllers\MapEditor\SidePanels\Edit</Filter>
    </ClInclude>
    <ClInclude Include="Views\MapEditor\map_select_rollout.h">
      <Filter>Views\MapEditor</Filter>
    </ClInclude>
    <ClInclude Include="Views\MapEditor\map_create_rollout.h">
      <Filter>Views\MapEditor</Filter>
    </ClInclude>
    <ClInclude Include="Views\MapEditor\map_object_rollout.h">
      <Filter>Views\MapEditor</Filter>
    </ClInclude>
    <ClInclude Include="Views\MapEditor\map_object_list_rollout.h">
      <Filter>Views\MapEditor</Filter>
    </ClInclude>
    <ClInclude Include="Controllers\PopupMenu\popup_menu_controller.h">
      <Filter>Controllers\PopupMenu</Filter>
    </ClInclude>
    <ClInclude Include="Views\PopupMenu\popup_menu_frame.h">
      <Filter>Views\PopupMenu</Filter>
    </ClInclude>
    <ClInclude Include="Model\ModelEditor\Commands\add_bone_command.h">
      <Filter>Model\ModelEditor\Commands</Filter>
    </ClInclude>
    <ClInclude Include="Model\ModelEditor\Commands\update_bone_command.h">
      <Filter>Model\ModelEditor\Commands</Filter>
    </ClInclude>
    <ClInclude Include="Views\MapEditor\map_edit_sidepanel.h">
      <Filter>Views\MapEditor</Filter>
    </ClInclude>
    <ClInclude Include="Views\ModelEditor\animations_sidepanel.h">
      <Filter>Views\ModelEditor</Filter>
    </ClInclude>
    <ClInclude Include="Views\ModelEditor\attachments_sidepanel.h">
      <Filter>Views\ModelEditor</Filter>
    </ClInclude>
    <ClInclude Include="Views\ModelEditor\bones_sidepanel.h">
      <Filter>Views\ModelEditor</Filter>
    </ClInclude>
    <ClInclude Include="Views\ModelEditor\cameras_sidepanel.h">
      <Filter>Views\ModelEditor</Filter>
    </ClInclude>
    <ClInclude Include="Views\ModelEditor\environment_sidepanel.h">
      <Filter>Views\ModelEditor</Filter>
    </ClInclude>
    <ClInclude Include="Views\ModelEditor\lights_sidepanel.h">
      <Filter>Views\ModelEditor</Filter>
    </ClInclude>
    <ClInclude Include="Views\ModelEditor\materials_sidepanel.h">
      <Filter>Views\ModelEditor</Filter>
    </ClInclude>
    <ClInclude Include="Views\Scene\scene_pivot_action.h" />
    <ClInclude Include="Views\AssetCompilerWindow\build_view.h" />
    <ClInclude Include="Views\AssetCompilerWindow\asset_explorer_view.h" />
    <ClInclude Include="Controllers\AssetCompiler\AssetCompilerWindow\build_controller.h" />
    <ClInclude Include="Controllers\AssetCompiler\AssetCompilerWindow\asset_explorer_controller.h" />
    <ClInclude Include="Views\AssetCompilerWindow\tree_view.h" />
    <ClInclude Include="Views\AssetCompilerWindow\tree_item.h" />
    <ClInclude Include="Views\AssetCompilerWindow\tree_node_view.h" />
  </ItemGroup>
</Project>