<?xml version="1.0" encoding="utf-8"?>
<Project ToolsVersion="4.0" xmlns="http://schemas.microsoft.com/developer/msbuild/2003">
  <ItemGroup>
    <Filter Include="Controllers">
      <UniqueIdentifier>{d8b0d133-fbe8-4cee-b98e-747fd346f28a}</UniqueIdentifier>
    </Filter>
    <Filter Include="Controllers\ModelEditor">
      <UniqueIdentifier>{6825712c-60b8-4274-9ca6-2d2db48ba325}</UniqueIdentifier>
    </Filter>
    <Filter Include="Controllers\ModelEditor\Scene">
      <UniqueIdentifier>{a24219b0-2a1f-489d-a1a3-f0cbe486bac5}</UniqueIdentifier>
    </Filter>
    <Filter Include="Controllers\Workspace">
      <UniqueIdentifier>{19904000-0685-479b-8c00-829c78e43018}</UniqueIdentifier>
    </Filter>
    <Filter Include="Model">
      <UniqueIdentifier>{6ecc33c4-1276-40b0-ad95-448a5d139679}</UniqueIdentifier>
    </Filter>
    <Filter Include="Model\ModelEditor">
      <UniqueIdentifier>{21ca5dec-c36a-421b-92ac-9ae26a6741ce}</UniqueIdentifier>
    </Filter>
    <Filter Include="Model\ModelEditor\Commands">
      <UniqueIdentifier>{6c891090-10fa-4e32-b473-b1ee26f22bd3}</UniqueIdentifier>
    </Filter>
    <Filter Include="Model\ModelEditor\EditorScene">
      <UniqueIdentifier>{61dc37af-280f-4b3d-85f1-647adc042111}</UniqueIdentifier>
    </Filter>
    <Filter Include="Model\ModelEditor\EditorScene\Edit">
      <UniqueIdentifier>{6e75c48c-b9b0-4ac6-9308-92a844c3bbde}</UniqueIdentifier>
    </Filter>
    <Filter Include="Model\ModelEditor\EditorScene\Game">
      <UniqueIdentifier>{f6c06aed-e647-4993-9882-b5053f388103}</UniqueIdentifier>
    </Filter>
    <Filter Include="Model\UndoSystem">
      <UniqueIdentifier>{cbe3f131-ce45-4150-bb35-49f421c106ee}</UniqueIdentifier>
    </Filter>
    <Filter Include="Views">
      <UniqueIdentifier>{6e14bfff-662d-4afb-84be-4b1dfd9f1cbe}</UniqueIdentifier>
    </Filter>
    <Filter Include="Views\Header">
      <UniqueIdentifier>{0928b522-0aba-4a00-b212-17832ac0d22b}</UniqueIdentifier>
    </Filter>
    <Filter Include="Views\Rollout">
      <UniqueIdentifier>{4a3cdf66-cc7b-4de1-8940-c18718c31434}</UniqueIdentifier>
    </Filter>
    <Filter Include="Views\Scene">
      <UniqueIdentifier>{4a6df7fe-4a10-439d-8448-4b0651287fe1}</UniqueIdentifier>
    </Filter>
    <Filter Include="Controllers\ModelEditor\ModelEditorWindow">
      <UniqueIdentifier>{2db6148d-5dc6-4602-9fb2-2562e8341e88}</UniqueIdentifier>
    </Filter>
    <Filter Include="Controllers\ModelEditor\SidePanels">
      <UniqueIdentifier>{4de6191b-ca30-437e-96c7-7a70fc50e9fd}</UniqueIdentifier>
    </Filter>
    <Filter Include="Controllers\ModelEditor\SidePanels\Animations">
      <UniqueIdentifier>{1b515219-88d2-4d07-8e33-649183b0a8a8}</UniqueIdentifier>
    </Filter>
    <Filter Include="Controllers\ModelEditor\SidePanels\Attachments">
      <UniqueIdentifier>{2ba72ad2-6243-4830-8957-4620541360dd}</UniqueIdentifier>
    </Filter>
    <Filter Include="Controllers\ModelEditor\SidePanels\Bones">
      <UniqueIdentifier>{56595a38-d6a2-4a90-847c-c95c0d4d0519}</UniqueIdentifier>
    </Filter>
    <Filter Include="Controllers\ModelEditor\SidePanels\Cameras">
      <UniqueIdentifier>{f00a7897-1874-482f-ad5a-40a2eea58188}</UniqueIdentifier>
    </Filter>
    <Filter Include="Controllers\ModelEditor\SidePanels\Environment">
      <UniqueIdentifier>{6914a323-ed33-4633-a121-da565dbbd62a}</UniqueIdentifier>
    </Filter>
    <Filter Include="Controllers\ModelEditor\SidePanels\Lights">
      <UniqueIdentifier>{7a761781-3c33-41a7-907a-2df5ae60783c}</UniqueIdentifier>
    </Filter>
    <Filter Include="Controllers\ModelEditor\SidePanels\Materials">
      <UniqueIdentifier>{5b260bc6-c1fb-49de-a40d-88fb48b4ce9c}</UniqueIdentifier>
    </Filter>
    <Filter Include="Model\MapEditor">
      <UniqueIdentifier>{716b5e73-d431-4347-88b5-52b42c8fac5b}</UniqueIdentifier>
    </Filter>
    <Filter Include="Model\MapEditor\Commands">
      <UniqueIdentifier>{ea492ecf-d787-4668-aee5-35798bd43412}</UniqueIdentifier>
    </Filter>
    <Filter Include="Controllers\MapEditor">
      <UniqueIdentifier>{1991a2bf-a1de-4794-a6c2-5463d1d96cd6}</UniqueIdentifier>
    </Filter>
    <Filter Include="Controllers\MapEditor\MapEditorWindow">
      <UniqueIdentifier>{f053de50-85df-4e46-8c65-baac5124babb}</UniqueIdentifier>
    </Filter>
    <Filter Include="Controllers\MapEditor\SidePanels">
      <UniqueIdentifier>{c904a413-60b8-47f1-a0a0-5b0705a469c0}</UniqueIdentifier>
    </Filter>
    <Filter Include="Controllers\MapEditor\MapScene">
      <UniqueIdentifier>{37cef7f1-21a3-4789-b945-14f360d319c5}</UniqueIdentifier>
    </Filter>
    <Filter Include="Controllers\MapEditor\SidePanels\Objects">
      <UniqueIdentifier>{5d7ef0e7-a9f5-4dbb-b83d-85dcef3abe2e}</UniqueIdentifier>
    </Filter>
    <Filter Include="Controllers\SidePanel">
      <UniqueIdentifier>{a629c759-a44d-46f8-a207-30765c59dd82}</UniqueIdentifier>
    </Filter>
    <Filter Include="Controllers\MapEditor\SidePanels\MapLights">
      <UniqueIdentifier>{db27ec88-9cd1-471a-b273-caccf48fa043}</UniqueIdentifier>
    </Filter>
    <Filter Include="Controllers\MapEditor\SidePanels\MapLightProbes">
      <UniqueIdentifier>{c99c7606-63d2-4633-9408-080541bdadbc}</UniqueIdentifier>
    </Filter>
    <Filter Include="Controllers\MapEditor\SidePanels\MapEmitters">
      <UniqueIdentifier>{87d5b44c-35aa-4b9f-b564-1873c674e70b}</UniqueIdentifier>
    </Filter>
    <Filter Include="Controllers\MapEditor\SidePanels\MapMaterials">
      <UniqueIdentifier>{965cfdfe-8cb0-46cd-9bdc-f12698249070}</UniqueIdentifier>
    </Filter>
    <Filter Include="Controllers\MapEditor\SidePanels\Triggers">
      <UniqueIdentifier>{dc9dfb71-692a-44b6-8a2f-4b436ddcebe2}</UniqueIdentifier>
    </Filter>
    <Filter Include="Controllers\MapEditor\SidePanels\PathNodes">
      <UniqueIdentifier>{7d3b79cd-3543-4c5d-8d4c-60dc5e8eea42}</UniqueIdentifier>
    </Filter>
    <Filter Include="Controllers\MapEditor\SidePanels\Create">
      <UniqueIdentifier>{395d23fd-d9c9-4ebc-97a7-bb343dd23bca}</UniqueIdentifier>
    </Filter>
    <Filter Include="Controllers\MapEditor\SidePanels\Modify">
      <UniqueIdentifier>{08868b1e-1603-4ee6-b847-c568eaf17fb8}</UniqueIdentifier>
    </Filter>
  </ItemGroup>
  <ItemGroup>
    <ClCompile Include="Controllers\ModelEditor\Scene\scene_controller.cpp">
      <Filter>Controllers\ModelEditor\Scene</Filter>
    </ClCompile>
    <ClCompile Include="Controllers\Workspace\workspace_controller.cpp">
      <Filter>Controllers\Workspace</Filter>
    </ClCompile>
    <ClCompile Include="Model\ModelEditor\model_app_model.cpp">
      <Filter>Model\ModelEditor</Filter>
    </ClCompile>
    <ClCompile Include="Model\ModelEditor\Commands\add_animation_command.cpp">
      <Filter>Model\ModelEditor\Commands</Filter>
    </ClCompile>
    <ClCompile Include="Model\ModelEditor\Commands\add_attachment_command.cpp">
      <Filter>Model\ModelEditor\Commands</Filter>
    </ClCompile>
    <ClCompile Include="Model\ModelEditor\Commands\add_material_command.cpp">
      <Filter>Model\ModelEditor\Commands</Filter>
    </ClCompile>
    <ClCompile Include="Model\ModelEditor\Commands\set_map_model_command.cpp">
      <Filter>Model\ModelEditor\Commands</Filter>
    </ClCompile>
    <ClCompile Include="Model\ModelEditor\Commands\update_animation_command.cpp">
      <Filter>Model\ModelEditor\Commands</Filter>
    </ClCompile>
    <ClCompile Include="Model\ModelEditor\Commands\update_attachment_command.cpp">
      <Filter>Model\ModelEditor\Commands</Filter>
    </ClCompile>
    <ClCompile Include="Model\ModelEditor\Commands\update_material_command.cpp">
      <Filter>Model\ModelEditor\Commands</Filter>
    </ClCompile>
    <ClCompile Include="Model\ModelEditor\EditorScene\Edit\edit_scene.cpp">
      <Filter>Model\ModelEditor\EditorScene\Edit</Filter>
    </ClCompile>
    <ClCompile Include="Model\ModelEditor\EditorScene\Game\character_controller.cpp">
      <Filter>Model\ModelEditor\EditorScene\Game</Filter>
    </ClCompile>
    <ClCompile Include="Model\ModelEditor\EditorScene\Game\game_scene.cpp">
      <Filter>Model\ModelEditor\EditorScene\Game</Filter>
    </ClCompile>
    <ClCompile Include="Model\UndoSystem\undo_system.cpp">
      <Filter>Model\UndoSystem</Filter>
    </ClCompile>
    <ClCompile Include="Views\Header\header_menu_view.cpp">
      <Filter>Views\Header</Filter>
    </ClCompile>
    <ClCompile Include="Views\Header\header_view.cpp">
      <Filter>Views\Header</Filter>
    </ClCompile>
    <ClCompile Include="Views\Scene\mouse_movement.cpp">
      <Filter>Views\Scene</Filter>
    </ClCompile>
    <ClCompile Include="Views\Scene\scene_view.cpp">
      <Filter>Views\Scene</Filter>
    </ClCompile>
    <ClCompile Include="Views\Rollout\rollout_browse_field_property.cpp">
      <Filter>Views\Rollout</Filter>
    </ClCompile>
    <ClCompile Include="Views\Rollout\rollout_header.cpp">
      <Filter>Views\Rollout</Filter>
    </ClCompile>
    <ClCompile Include="Views\Rollout\rollout_list.cpp">
      <Filter>Views\Rollout</Filter>
    </ClCompile>
    <ClCompile Include="Views\Rollout\rollout_position_property.cpp">
      <Filter>Views\Rollout</Filter>
    </ClCompile>
    <ClCompile Include="Views\Rollout\rollout_text_field_property.cpp">
      <Filter>Views\Rollout</Filter>
    </ClCompile>
    <ClCompile Include="Views\Rollout\rollout_view.cpp">
      <Filter>Views\Rollout</Filter>
    </ClCompile>
    <ClCompile Include="precomp.cpp" />
    <ClCompile Include="Controllers\ModelEditor\ModelEditorWindow\model_editor_window.cpp">
      <Filter>Controllers\ModelEditor\ModelEditorWindow</Filter>
    </ClCompile>
    <ClCompile Include="Controllers\ModelEditor\SidePanels\Animations\animations_controller.cpp">
      <Filter>Controllers\ModelEditor\SidePanels\Animations</Filter>
    </ClCompile>
    <ClCompile Include="Controllers\ModelEditor\SidePanels\Attachments\attachments_controller.cpp">
      <Filter>Controllers\ModelEditor\SidePanels\Attachments</Filter>
    </ClCompile>
    <ClCompile Include="Controllers\ModelEditor\SidePanels\Bones\bones_controller.cpp">
      <Filter>Controllers\ModelEditor\SidePanels\Bones</Filter>
    </ClCompile>
    <ClCompile Include="Controllers\ModelEditor\SidePanels\Cameras\cameras_controller.cpp">
      <Filter>Controllers\ModelEditor\SidePanels\Cameras</Filter>
    </ClCompile>
    <ClCompile Include="Controllers\ModelEditor\SidePanels\Environment\environment_controller.cpp">
      <Filter>Controllers\ModelEditor\SidePanels\Environment</Filter>
    </ClCompile>
    <ClCompile Include="Controllers\ModelEditor\SidePanels\Lights\lights_controller.cpp">
      <Filter>Controllers\ModelEditor\SidePanels\Lights</Filter>
    </ClCompile>
    <ClCompile Include="Controllers\ModelEditor\SidePanels\Materials\materials_controller.cpp">
      <Filter>Controllers\ModelEditor\SidePanels\Materials</Filter>
    </ClCompile>
    <ClCompile Include="Model\MapEditor\map_app_model.cpp">
      <Filter>Model\MapEditor</Filter>
    </ClCompile>
    <ClCompile Include="Controllers\MapEditor\MapEditorWindow\map_editor_window.cpp">
      <Filter>Controllers\MapEditor\MapEditorWindow</Filter>
    </ClCompile>
    <ClCompile Include="Controllers\MapEditor\MapScene\map_scene_controller.cpp">
      <Filter>Controllers\MapEditor\MapScene</Filter>
    </ClCompile>
    <ClCompile Include="Controllers\MapEditor\SidePanels\Objects\objects_controller.cpp">
      <Filter>Controllers\MapEditor\SidePanels\Objects</Filter>
    </ClCompile>
    <ClCompile Include="Controllers\SidePanel\side_panel_controller.cpp">
      <Filter>Controllers\SidePanel</Filter>
    </ClCompile>
    <ClCompile Include="Controllers\MapEditor\SidePanels\MapLights\map_lights_controller.cpp">
      <Filter>Controllers\MapEditor\SidePanels\MapLights</Filter>
    </ClCompile>
    <ClCompile Include="Controllers\MapEditor\SidePanels\MapLightProbes\map_light_probes_controller.cpp">
      <Filter>Controllers\MapEditor\SidePanels\MapLightProbes</Filter>
    </ClCompile>
    <ClCompile Include="Controllers\MapEditor\SidePanels\MapEmitters\map_emitters_controller.cpp">
      <Filter>Controllers\MapEditor\SidePanels\MapEmitters</Filter>
    </ClCompile>
    <ClCompile Include="Controllers\MapEditor\SidePanels\MapMaterials\map_materials_controller.cpp">
      <Filter>Controllers\MapEditor\SidePanels\MapMaterials</Filter>
    </ClCompile>
    <ClCompile Include="Controllers\MapEditor\SidePanels\PathNodes\path_nodes_controller.cpp">
      <Filter>Controllers\MapEditor\SidePanels\PathNodes</Filter>
    </ClCompile>
    <ClCompile Include="Controllers\MapEditor\SidePanels\Triggers\triggers_controller.cpp">
      <Filter>Controllers\MapEditor\SidePanels\Triggers</Filter>
    </ClCompile>
    <ClCompile Include="Model\MapEditor\Commands\add_map_material_command.cpp">
      <Filter>Model\MapEditor\Commands</Filter>
    </ClCompile>
    <ClCompile Include="Model\MapEditor\Commands\update_map_material_command.cpp">
      <Filter>Model\MapEditor\Commands</Filter>
    </ClCompile>
    <ClCompile Include="Model\MapEditor\Commands\set_map_fbx_filename_command.cpp">
      <Filter>Model\MapEditor\Commands</Filter>
    </ClCompile>
    <ClCompile Include="Controllers\MapEditor\SidePanels\Create\create_controller.cpp">
      <Filter>Controllers\MapEditor\SidePanels\Create</Filter>
    </ClCompile>
    <ClCompile Include="Controllers\MapEditor\SidePanels\Modify\modify_controller.cpp">
      <Filter>Controllers\MapEditor\SidePanels\Modify</Filter>
    </ClCompile>
    <ClCompile Include="Views\Rollout\rollout_button.cpp">
      <Filter>Views\Rollout</Filter>
    </ClCompile>
  </ItemGroup>
  <ItemGroup>
    <ClInclude Include="Controllers\ModelEditor\Scene\scene_controller.h">
      <Filter>Controllers\ModelEditor\Scene</Filter>
    </ClInclude>
    <ClInclude Include="Controllers\Workspace\workspace_controller.h">
      <Filter>Controllers\Workspace</Filter>
    </ClInclude>
    <ClInclude Include="Model\ModelEditor\model_app_model.h">
      <Filter>Model\ModelEditor</Filter>
    </ClInclude>
    <ClInclude Include="Model\ModelEditor\Commands\add_animation_command.h">
      <Filter>Model\ModelEditor\Commands</Filter>
    </ClInclude>
    <ClInclude Include="Model\ModelEditor\Commands\add_attachment_command.h">
      <Filter>Model\ModelEditor\Commands</Filter>
    </ClInclude>
    <ClInclude Include="Model\ModelEditor\Commands\add_material_command.h">
      <Filter>Model\ModelEditor\Commands</Filter>
    </ClInclude>
    <ClInclude Include="Model\ModelEditor\Commands\set_map_model_command.h">
      <Filter>Model\ModelEditor\Commands</Filter>
    </ClInclude>
    <ClInclude Include="Model\ModelEditor\Commands\update_animation_command.h">
      <Filter>Model\ModelEditor\Commands</Filter>
    </ClInclude>
    <ClInclude Include="Model\ModelEditor\Commands\update_attachment_command.h">
      <Filter>Model\ModelEditor\Commands</Filter>
    </ClInclude>
    <ClInclude Include="Model\ModelEditor\Commands\update_material_command.h">
      <Filter>Model\ModelEditor\Commands</Filter>
    </ClInclude>
    <ClInclude Include="Model\ModelEditor\EditorScene\editor_scene.h">
      <Filter>Model\ModelEditor\EditorScene</Filter>
    </ClInclude>
    <ClInclude Include="Model\ModelEditor\EditorScene\Edit\edit_scene.h">
      <Filter>Model\ModelEditor\EditorScene\Edit</Filter>
    </ClInclude>
    <ClInclude Include="Model\ModelEditor\EditorScene\Game\character_controller.h">
      <Filter>Model\ModelEditor\EditorScene\Game</Filter>
    </ClInclude>
    <ClInclude Include="Model\ModelEditor\EditorScene\Game\game_scene.h">
      <Filter>Model\ModelEditor\EditorScene\Game</Filter>
    </ClInclude>
    <ClInclude Include="Model\UndoSystem\undo_system.h">
      <Filter>Model\UndoSystem</Filter>
    </ClInclude>
    <ClInclude Include="Views\Header\header_menu_view.h">
      <Filter>Views\Header</Filter>
    </ClInclude>
    <ClInclude Include="Views\Header\header_view.h">
      <Filter>Views\Header</Filter>
    </ClInclude>
    <ClInclude Include="Views\Scene\mouse_movement.h">
      <Filter>Views\Scene</Filter>
    </ClInclude>
    <ClInclude Include="Views\Scene\scene_view.h">
      <Filter>Views\Scene</Filter>
    </ClInclude>
    <ClInclude Include="Views\Rollout\rollout_browse_field_property.h">
      <Filter>Views\Rollout</Filter>
    </ClInclude>
    <ClInclude Include="Views\Rollout\rollout_header.h">
      <Filter>Views\Rollout</Filter>
    </ClInclude>
    <ClInclude Include="Views\Rollout\rollout_list.h">
      <Filter>Views\Rollout</Filter>
    </ClInclude>
    <ClInclude Include="Views\Rollout\rollout_position_property.h">
      <Filter>Views\Rollout</Filter>
    </ClInclude>
    <ClInclude Include="Views\Rollout\rollout_text_field_property.h">
      <Filter>Views\Rollout</Filter>
    </ClInclude>
    <ClInclude Include="Views\Rollout\rollout_view.h">
      <Filter>Views\Rollout</Filter>
    </ClInclude>
    <ClInclude Include="precomp.h" />
    <ClInclude Include="Model\UndoSystem\model_command.h">
      <Filter>Model\UndoSystem</Filter>
    </ClInclude>
    <ClInclude Include="Controllers\ModelEditor\ModelEditorWindow\model_editor_window.h">
      <Filter>Controllers\ModelEditor\ModelEditorWindow</Filter>
    </ClInclude>
    <ClInclude Include="Controllers\ModelEditor\SidePanels\Animations\animations_controller.h">
      <Filter>Controllers\ModelEditor\SidePanels\Animations</Filter>
    </ClInclude>
    <ClInclude Include="Controllers\ModelEditor\SidePanels\Attachments\attachments_controller.h">
      <Filter>Controllers\ModelEditor\SidePanels\Attachments</Filter>
    </ClInclude>
    <ClInclude Include="Controllers\ModelEditor\SidePanels\Bones\bones_controller.h">
      <Filter>Controllers\ModelEditor\SidePanels\Bones</Filter>
    </ClInclude>
    <ClInclude Include="Controllers\ModelEditor\SidePanels\Cameras\cameras_controller.h">
      <Filter>Controllers\ModelEditor\SidePanels\Cameras</Filter>
    </ClInclude>
    <ClInclude Include="Controllers\ModelEditor\SidePanels\Environment\environment_controller.h">
      <Filter>Controllers\ModelEditor\SidePanels\Environment</Filter>
    </ClInclude>
    <ClInclude Include="Controllers\ModelEditor\SidePanels\Lights\lights_controller.h">
      <Filter>Controllers\ModelEditor\SidePanels\Lights</Filter>
    </ClInclude>
    <ClInclude Include="Controllers\ModelEditor\SidePanels\Materials\materials_controller.h">
      <Filter>Controllers\ModelEditor\SidePanels\Materials</Filter>
    </ClInclude>
    <ClInclude Include="Model\MapEditor\map_app_model.h">
      <Filter>Model\MapEditor</Filter>
    </ClInclude>
    <ClInclude Include="Controllers\MapEditor\MapEditorWindow\map_editor_window.h">
      <Filter>Controllers\MapEditor\MapEditorWindow</Filter>
    </ClInclude>
    <ClInclude Include="Controllers\MapEditor\MapScene\map_scene_controller.h">
      <Filter>Controllers\MapEditor\MapScene</Filter>
    </ClInclude>
    <ClInclude Include="Controllers\MapEditor\SidePanels\Objects\objects_controller.h">
      <Filter>Controllers\MapEditor\SidePanels\Objects</Filter>
    </ClInclude>
    <ClInclude Include="Controllers\SidePanel\side_panel_controller.h">
      <Filter>Controllers\SidePanel</Filter>
    </ClInclude>
    <ClInclude Include="Controllers\MapEditor\SidePanels\MapLights\map_lights_controller.h">
      <Filter>Controllers\MapEditor\SidePanels\MapLights</Filter>
    </ClInclude>
    <ClInclude Include="Controllers\MapEditor\SidePanels\MapLightProbes\map_light_probes_controller.h">
      <Filter>Controllers\MapEditor\SidePanels\MapLightProbes</Filter>
    </ClInclude>
    <ClInclude Include="Controllers\MapEditor\SidePanels\MapEmitters\map_emitters_controller.h">
      <Filter>Controllers\MapEditor\SidePanels\MapEmitters</Filter>
    </ClInclude>
    <ClInclude Include="Controllers\MapEditor\SidePanels\MapMaterials\map_materials_controller.h">
      <Filter>Controllers\MapEditor\SidePanels\MapMaterials</Filter>
    </ClInclude>
    <ClInclude Include="Controllers\MapEditor\SidePanels\PathNodes\path_nodes_controller.h">
      <Filter>Controllers\MapEditor\SidePanels\PathNodes</Filter>
    </ClInclude>
    <ClInclude Include="Controllers\MapEditor\SidePanels\Triggers\triggers_controller.h">
      <Filter>Controllers\MapEditor\SidePanels\Triggers</Filter>
    </ClInclude>
    <ClInclude Include="Model\MapEditor\Commands\add_map_material_command.h">
      <Filter>Model\MapEditor\Commands</Filter>
    </ClInclude>
    <ClInclude Include="Model\MapEditor\Commands\update_map_material_command.h">
      <Filter>Model\MapEditor\Commands</Filter>
    </ClInclude>
    <ClInclude Include="Model\MapEditor\Commands\set_map_fbx_filename_command.h">
      <Filter>Model\MapEditor\Commands</Filter>
    </ClInclude>
    <ClInclude Include="Controllers\MapEditor\SidePanels\Create\create_controller.h">
      <Filter>Controllers\MapEditor\SidePanels\Create</Filter>
    </ClInclude>
    <ClInclude Include="Controllers\MapEditor\SidePanels\Modify\modify_controller.h">
      <Filter>Controllers\MapEditor\SidePanels\Modify</Filter>
    </ClInclude>
    <ClInclude Include="Views\Rollout\rollout_button.h">
      <Filter>Views\Rollout</Filter>
    </ClInclude>
  </ItemGroup>
</Project>