<?xml version="1.0" encoding="utf-8"?>
<Project ToolsVersion="4.0" xmlns="http://schemas.microsoft.com/developer/msbuild/2003">
  <ItemGroup>
    <Filter Include="Model">
      <UniqueIdentifier>{ad9fe85b-280f-472f-8b1e-617a63002db0}</UniqueIdentifier>
    </Filter>
    <Filter Include="Model\Commands">
      <UniqueIdentifier>{51d1247d-fff2-4cb8-a381-d8a287e5807f}</UniqueIdentifier>
    </Filter>
    <Filter Include="Model\FBXModel">
      <UniqueIdentifier>{36f4c92b-7886-42b4-9582-9136323f6675}</UniqueIdentifier>
    </Filter>
    <Filter Include="Views">
      <UniqueIdentifier>{2053cb8c-a395-4400-98af-2d50e1052ece}</UniqueIdentifier>
    </Filter>
    <Filter Include="Views\MainWindow">
      <UniqueIdentifier>{7cfccf02-e679-4054-be46-49f013c0af13}</UniqueIdentifier>
    </Filter>
    <Filter Include="Views\MainWindow\Dock">
      <UniqueIdentifier>{d22f796e-71a3-429d-87df-e03727303c3e}</UniqueIdentifier>
    </Filter>
    <Filter Include="Views\MainWindow\Dock\AnimationsDockable">
      <UniqueIdentifier>{84a8e3f2-5671-403f-97ad-ee087d4cc500}</UniqueIdentifier>
    </Filter>
    <Filter Include="Views\MainWindow\Dock\Rollout">
      <UniqueIdentifier>{9f5b83ea-de0b-4b28-b5ec-50486201e860}</UniqueIdentifier>
    </Filter>
    <Filter Include="Views\MainWindow\Header">
      <UniqueIdentifier>{204aa70f-d99c-4bab-97b2-c569fe1989d2}</UniqueIdentifier>
    </Filter>
    <Filter Include="Views\MainWindow\Scene">
      <UniqueIdentifier>{3f247c08-293d-4b5b-aa5d-a364c9ff58d6}</UniqueIdentifier>
    </Filter>
  </ItemGroup>
  <ItemGroup>
    <ClInclude Include="Model\animation.h">
      <Filter>Model</Filter>
    </ClInclude>
    <ClInclude Include="Model\app_model.h">
      <Filter>Model</Filter>
    </ClInclude>
    <ClInclude Include="Model\attachment_point.h">
      <Filter>Model</Filter>
    </ClInclude>
    <ClInclude Include="Model\particle_emitter.h">
      <Filter>Model</Filter>
    </ClInclude>
    <ClInclude Include="Model\undo_system.h">
      <Filter>Model</Filter>
    </ClInclude>
    <ClInclude Include="Model\Commands\model_command.h">
      <Filter>Model\Commands</Filter>
    </ClInclude>
    <ClInclude Include="Model\Commands\update_animation_command.h">
      <Filter>Model\Commands</Filter>
    </ClInclude>
    <ClInclude Include="Model\FBXModel\fbx_model.h">
      <Filter>Model\FBXModel</Filter>
    </ClInclude>
    <ClInclude Include="Model\FBXModel\fbx_model_loader.h">
      <Filter>Model\FBXModel</Filter>
    </ClInclude>
    <ClInclude Include="Model\FBXModel\skinned_bone.h">
      <Filter>Model\FBXModel</Filter>
    </ClInclude>
    <ClInclude Include="Model\FBXModel\vertex_mapping.h">
      <Filter>Model\FBXModel</Filter>
    </ClInclude>
    <ClInclude Include="Views\MainWindow\main_window.h">
      <Filter>Views\MainWindow</Filter>
    </ClInclude>
    <ClInclude Include="Views\MainWindow\Dock\dock_view.h">
      <Filter>Views\MainWindow\Dock</Filter>
    </ClInclude>
    <ClInclude Include="Views\MainWindow\Dock\AnimationsDockable\animations_dockable.h">
      <Filter>Views\MainWindow\Dock\AnimationsDockable</Filter>
    </ClInclude>
    <ClInclude Include="Views\MainWindow\Dock\Rollout\rollout_header.h">
      <Filter>Views\MainWindow\Dock\Rollout</Filter>
    </ClInclude>
    <ClInclude Include="Views\MainWindow\Dock\Rollout\rollout_list.h">
      <Filter>Views\MainWindow\Dock\Rollout</Filter>
    </ClInclude>
    <ClInclude Include="Views\MainWindow\Dock\Rollout\rollout_text_field_property.h">
      <Filter>Views\MainWindow\Dock\Rollout</Filter>
    </ClInclude>
    <ClInclude Include="Views\MainWindow\Dock\Rollout\rollout_view.h">
      <Filter>Views\MainWindow\Dock\Rollout</Filter>
    </ClInclude>
    <ClInclude Include="Views\MainWindow\Header\header_view.h">
      <Filter>Views\MainWindow\Header</Filter>
    </ClInclude>
    <ClInclude Include="Views\MainWindow\Scene\scene_view.h">
      <Filter>Views\MainWindow\Scene</Filter>
    </ClInclude>
    <ClInclude Include="Views\MainWindow\Scene\viewer_scene_cache.h">
      <Filter>Views\MainWindow\Scene</Filter>
    </ClInclude>
    <ClInclude Include="precomp.h" />
  </ItemGroup>
  <ItemGroup>
    <ClCompile Include="Model\app_model.cpp">
      <Filter>Model</Filter>
    </ClCompile>
    <ClCompile Include="Model\undo_system.cpp">
      <Filter>Model</Filter>
    </ClCompile>
    <ClCompile Include="Model\Commands\update_animation_command.cpp">
      <Filter>Model\Commands</Filter>
    </ClCompile>
    <ClCompile Include="Model\FBXModel\fbx_model.cpp">
      <Filter>Model\FBXModel</Filter>
    </ClCompile>
    <ClCompile Include="Model\FBXModel\fbx_model_loader.cpp">
      <Filter>Model\FBXModel</Filter>
    </ClCompile>
    <ClCompile Include="main.cpp" />
    <ClCompile Include="Views\MainWindow\main_window.cpp">
      <Filter>Views\MainWindow</Filter>
    </ClCompile>
    <ClCompile Include="Views\MainWindow\Dock\dock_view.cpp">
      <Filter>Views\MainWindow\Dock</Filter>
    </ClCompile>
    <ClCompile Include="Views\MainWindow\Dock\AnimationsDockable\animations_dockable.cpp">
      <Filter>Views\MainWindow\Dock\AnimationsDockable</Filter>
    </ClCompile>
    <ClCompile Include="Views\MainWindow\Dock\Rollout\rollout_header.cpp">
      <Filter>Views\MainWindow\Dock\Rollout</Filter>
    </ClCompile>
    <ClCompile Include="Views\MainWindow\Dock\Rollout\rollout_list.cpp">
      <Filter>Views\MainWindow\Dock\Rollout</Filter>
    </ClCompile>
    <ClCompile Include="Views\MainWindow\Dock\Rollout\rollout_text_field_property.cpp">
      <Filter>Views\MainWindow\Dock\Rollout</Filter>
    </ClCompile>
    <ClCompile Include="Views\MainWindow\Dock\Rollout\rollout_view.cpp">
      <Filter>Views\MainWindow\Dock\Rollout</Filter>
    </ClCompile>
    <ClCompile Include="Views\MainWindow\Header\header_view.cpp">
      <Filter>Views\MainWindow\Header</Filter>
    </ClCompile>
    <ClCompile Include="Views\MainWindow\Scene\scene_view.cpp">
      <Filter>Views\MainWindow\Scene</Filter>
    </ClCompile>
    <ClCompile Include="Views\MainWindow\Scene\viewer_scene_cache.cpp">
      <Filter>Views\MainWindow\Scene</Filter>
    </ClCompile>
    <ClCompile Include="precomp.cpp" />
  </ItemGroup>
</Project>