<?xml version="1.0" encoding="utf-8"?>
<Project ToolsVersion="4.0" xmlns="http://schemas.microsoft.com/developer/msbuild/2003">
  <ItemGroup>
    <ClInclude Include="precomp.h" />
    <ClInclude Include="resource.h" />
    <ClInclude Include="Controllers\Screens\game_screen_controller.h">
      <Filter>Controllers\Screens</Filter>
    </ClInclude>
    <ClInclude Include="Controllers\Screens\menu_screen_controller.h">
      <Filter>Controllers\Screens</Filter>
    </ClInclude>
    <ClInclude Include="Controllers\Screens\screen_view_controller.h">
      <Filter>Controllers\Screens</Filter>
    </ClInclude>
    <ClInclude Include="mouse_movement.h" />
    <ClInclude Include="Model\GameWorld\client_player_pawn.h">
      <Filter>Model\GameWorld</Filter>
    </ClInclude>
    <ClInclude Include="Model\GameWorld\elevator.h">
      <Filter>Model\GameWorld</Filter>
    </ClInclude>
    <ClInclude Include="Model\GameWorld\flag.h">
      <Filter>Model\GameWorld</Filter>
    </ClInclude>
    <ClInclude Include="Model\GameWorld\game_object.h">
      <Filter>Model\GameWorld</Filter>
    </ClInclude>
    <ClInclude Include="Model\GameWorld\game_tick.h">
      <Filter>Model\GameWorld</Filter>
    </ClInclude>
    <ClInclude Include="Model\GameWorld\game_world.h">
      <Filter>Model\GameWorld</Filter>
    </ClInclude>
    <ClInclude Include="Model\GameWorld\player_list.h">
      <Filter>Model\GameWorld</Filter>
    </ClInclude>
    <ClInclude Include="Model\GameWorld\player_pawn.h">
      <Filter>Model\GameWorld</Filter>
    </ClInclude>
    <ClInclude Include="Model\GameWorld\player_ragdoll.h">
      <Filter>Model\GameWorld</Filter>
    </ClInclude>
    <ClInclude Include="Model\GameWorld\powerup.h">
      <Filter>Model\GameWorld</Filter>
    </ClInclude>
    <ClInclude Include="Model\GameWorld\server_player_pawn.h">
      <Filter>Model\GameWorld</Filter>
    </ClInclude>
    <ClInclude Include="Model\GameWorld\spawn_point.h">
      <Filter>Model\GameWorld</Filter>
    </ClInclude>
    <ClInclude Include="Model\GameWorld\team_list.h">
      <Filter>Model\GameWorld</Filter>
    </ClInclude>
    <ClInclude Include="Model\GameWorld\weapon.h">
      <Filter>Model\GameWorld</Filter>
    </ClInclude>
    <ClInclude Include="Model\Network\game_network.h">
      <Filter>Model\Network</Filter>
    </ClInclude>
    <ClInclude Include="Model\Network\game_network_client.h">
      <Filter>Model\Network</Filter>
    </ClInclude>
    <ClInclude Include="Model\Network\game_network_server.h">
      <Filter>Model\Network</Filter>
    </ClInclude>
    <ClInclude Include="Model\Network\lock_step_client_time.h">
      <Filter>Model\Network</Filter>
    </ClInclude>
    <ClInclude Include="Model\Network\lock_step_server_time.h">
      <Filter>Model\Network</Filter>
    </ClInclude>
    <ClInclude Include="Model\Network\lock_step_time.h">
      <Filter>Model\Network</Filter>
    </ClInclude>
    <ClInclude Include="Model\Audio\music_player.h">
      <Filter>Model\Audio</Filter>
    </ClInclude>
    <ClInclude Include="Model\Input\input_buttons.h">
      <Filter>Model\Input</Filter>
    </ClInclude>
    <ClInclude Include="Model\GameWorld\character_controller.h">
      <Filter>Model\GameWorld</Filter>
    </ClInclude>
    <ClInclude Include="Model\Network\NetGame\client.h">
      <Filter>Model\Network\NetGame</Filter>
    </ClInclude>
    <ClInclude Include="Model\Network\NetGame\client_impl.h">
      <Filter>Model\Network\NetGame</Filter>
    </ClInclude>
    <ClInclude Include="Model\Network\NetGame\connection.h">
      <Filter>Model\Network\NetGame</Filter>
    </ClInclude>
    <ClInclude Include="Model\Network\NetGame\connection_impl.h">
      <Filter>Model\Network\NetGame</Filter>
    </ClInclude>
    <ClInclude Include="Model\Network\NetGame\connection_site.h">
      <Filter>Model\Network\NetGame</Filter>
    </ClInclude>
    <ClInclude Include="Model\Network\NetGame\event.h">
      <Filter>Model\Network\NetGame</Filter>
    </ClInclude>
    <ClInclude Include="Model\Network\NetGame\event_dispatcher.h">
      <Filter>Model\Network\NetGame</Filter>
    </ClInclude>
    <ClInclude Include="Model\Network\NetGame\event_value.h">
      <Filter>Model\Network\NetGame</Filter>
    </ClInclude>
    <ClInclude Include="Model\Network\NetGame\network_data.h">
      <Filter>Model\Network\NetGame</Filter>
    </ClInclude>
    <ClInclude Include="Model\Network\NetGame\network_event.h">
      <Filter>Model\Network\NetGame</Filter>
    </ClInclude>
    <ClInclude Include="Model\Network\NetGame\server.h">
      <Filter>Model\Network\NetGame</Filter>
    </ClInclude>
    <ClInclude Include="Model\Network\NetGame\server_impl.h">
      <Filter>Model\Network\NetGame</Filter>
    </ClInclude>
    <ClInclude Include="Model\GameWorld\robot_player_pawn.h">
      <Filter>Model\GameWorld</Filter>
    </ClInclude>
    <ClInclude Include="Model\GameWorld\collision_game_object.h">
      <Filter>Model\GameWorld</Filter>
    </ClInclude>
    <ClInclude Include="Model\GameWorld\game_master.h">
      <Filter>Model\GameWorld</Filter>
    </ClInclude>
    <ClInclude Include="Model\GameWorld\rocket.h">
      <Filter>Model\GameWorld</Filter>
    </ClInclude>
  </ItemGroup>
  <ItemGroup>
    <ClCompile Include="main.cpp" />
    <ClCompile Include="precomp.cpp" />
    <ClCompile Include="Controllers\Screens\game_screen_controller.cpp">
      <Filter>Controllers\Screens</Filter>
    </ClCompile>
    <ClCompile Include="Controllers\Screens\menu_screen_controller.cpp">
      <Filter>Controllers\Screens</Filter>
    </ClCompile>
    <ClCompile Include="Controllers\Screens\screen_view_controller.cpp">
      <Filter>Controllers\Screens</Filter>
    </ClCompile>
    <ClCompile Include="mouse_movement.cpp" />
    <ClCompile Include="Model\GameWorld\client_player_pawn.cpp">
      <Filter>Model\GameWorld</Filter>
    </ClCompile>
    <ClCompile Include="Model\GameWorld\elevator.cpp">
      <Filter>Model\GameWorld</Filter>
    </ClCompile>
    <ClCompile Include="Model\GameWorld\flag.cpp">
      <Filter>Model\GameWorld</Filter>
    </ClCompile>
    <ClCompile Include="Model\GameWorld\game_object.cpp">
      <Filter>Model\GameWorld</Filter>
    </ClCompile>
    <ClCompile Include="Model\GameWorld\game_world.cpp">
      <Filter>Model\GameWorld</Filter>
    </ClCompile>
    <ClCompile Include="Model\GameWorld\player_pawn.cpp">
      <Filter>Model\GameWorld</Filter>
    </ClCompile>
    <ClCompile Include="Model\GameWorld\player_ragdoll.cpp">
      <Filter>Model\GameWorld</Filter>
    </ClCompile>
    <ClCompile Include="Model\GameWorld\powerup.cpp">
      <Filter>Model\GameWorld</Filter>
    </ClCompile>
    <ClCompile Include="Model\GameWorld\server_player_pawn.cpp">
      <Filter>Model\GameWorld</Filter>
    </ClCompile>
    <ClCompile Include="Model\GameWorld\spawn_point.cpp">
      <Filter>Model\GameWorld</Filter>
    </ClCompile>
    <ClCompile Include="Model\GameWorld\weapon.cpp">
      <Filter>Model\GameWorld</Filter>
    </ClCompile>
    <ClCompile Include="Model\Network\game_network_client.cpp">
      <Filter>Model\Network</Filter>
    </ClCompile>
    <ClCompile Include="Model\Network\game_network_server.cpp">
      <Filter>Model\Network</Filter>
    </ClCompile>
    <ClCompile Include="Model\Network\lock_step_client_time.cpp">
      <Filter>Model\Network</Filter>
    </ClCompile>
    <ClCompile Include="Model\Network\lock_step_server_time.cpp">
      <Filter>Model\Network</Filter>
    </ClCompile>
    <ClCompile Include="Model\Audio\music_player.cpp">
      <Filter>Model\Audio</Filter>
    </ClCompile>
    <ClCompile Include="Model\Input\input_buttons.cpp">
      <Filter>Model\Input</Filter>
    </ClCompile>
    <ClCompile Include="Model\GameWorld\character_controller.cpp">
      <Filter>Model\GameWorld</Filter>
    </ClCompile>
    <ClCompile Include="Model\Network\NetGame\client.cpp">
      <Filter>Model\Network\NetGame</Filter>
    </ClCompile>
    <ClCompile Include="Model\Network\NetGame\connection.cpp">
      <Filter>Model\Network\NetGame</Filter>
    </ClCompile>
    <ClCompile Include="Model\Network\NetGame\connection_impl.cpp">
      <Filter>Model\Network\NetGame</Filter>
    </ClCompile>
    <ClCompile Include="Model\Network\NetGame\event.cpp">
      <Filter>Model\Network\NetGame</Filter>
    </ClCompile>
    <ClCompile Include="Model\Network\NetGame\event_value.cpp">
      <Filter>Model\Network\NetGame</Filter>
    </ClCompile>
    <ClCompile Include="Model\Network\NetGame\network_data.cpp">
      <Filter>Model\Network\NetGame</Filter>
    </ClCompile>
    <ClCompile Include="Model\Network\NetGame\server.cpp">
      <Filter>Model\Network\NetGame</Filter>
    </ClCompile>
    <ClCompile Include="Model\GameWorld\robot_player_pawn.cpp">
      <Filter>Model\GameWorld</Filter>
    </ClCompile>
    <ClCompile Include="Model\GameWorld\game_master.cpp">
      <Filter>Model\GameWorld</Filter>
    </ClCompile>
    <ClCompile Include="Model\GameWorld\rocket.cpp">
      <Filter>Model\GameWorld</Filter>
    </ClCompile>
  </ItemGroup>
  <ItemGroup>
    <ResourceCompile Include="resource.rc" />
  </ItemGroup>
  <ItemGroup>
    <Filter Include="Controllers">
      <UniqueIdentifier>{ff1660d2-e7ec-42f0-9c0b-9d0f4728c32b}</UniqueIdentifier>
    </Filter>
    <Filter Include="Controllers\Screens">
      <UniqueIdentifier>{78addfe7-7862-4ad7-bc3f-7dac5af93fc6}</UniqueIdentifier>
    </Filter>
    <Filter Include="Model">
      <UniqueIdentifier>{a76bbdf7-da46-4c70-b5b4-0fb75a6d9632}</UniqueIdentifier>
    </Filter>
    <Filter Include="Model\GameWorld">
      <UniqueIdentifier>{8cca7bf5-8fa1-4285-a851-a2372530bb73}</UniqueIdentifier>
    </Filter>
    <Filter Include="Model\Network">
      <UniqueIdentifier>{2fc8d71d-0225-4a26-a055-83141c33c136}</UniqueIdentifier>
    </Filter>
    <Filter Include="Model\Audio">
      <UniqueIdentifier>{46362776-b3d3-4973-8461-7c8c6bdd19bb}</UniqueIdentifier>
    </Filter>
    <Filter Include="Model\Input">
      <UniqueIdentifier>{021ec2b5-478e-4ab3-b0ac-c2407e42d296}</UniqueIdentifier>
    </Filter>
    <Filter Include="Model\Network\NetGame">
      <UniqueIdentifier>{a5a60a89-a3e9-4b2d-a630-30dd97273a18}</UniqueIdentifier>
    </Filter>
  </ItemGroup>
</Project>