<?xml version="1.0" encoding="utf-8"?>
<Project ToolsVersion="4.0" xmlns="http://schemas.microsoft.com/developer/msbuild/2003">
  <ItemGroup>
    <ClInclude Include="precomp.h" />
    <ClInclude Include="resource.h" />
    <ClInclude Include="Controllers\Screens\menu_screen_controller.h">
      <Filter>Controllers\Screens</Filter>
    </ClInclude>
    <ClInclude Include="Model\GameWorld\client_player_pawn.h">
      <Filter>Model\GameWorld</Filter>
    </ClInclude>
    <ClInclude Include="Model\GameWorld\elevator.h">
      <Filter>Model\GameWorld</Filter>
    </ClInclude>
    <ClInclude Include="Model\GameWorld\flag.h">
      <Filter>Model\GameWorld</Filter>
    </ClInclude>
    <ClInclude Include="Model\GameWorld\player_list.h">
      <Filter>Model\GameWorld</Filter>
    </ClInclude>
    <ClInclude Include="Model\GameWorld\player_pawn.h">
      <Filter>Model\GameWorld</Filter>
    </ClInclude>
    <ClInclude Include="Model\GameWorld\player_ragdoll.h">
      <Filter>Model\GameWorld</Filter>
    </ClInclude>
    <ClInclude Include="Model\GameWorld\powerup.h">
      <Filter>Model\GameWorld</Filter>
    </ClInclude>
    <ClInclude Include="Model\GameWorld\server_player_pawn.h">
      <Filter>Model\GameWorld</Filter>
    </ClInclude>
    <ClInclude Include="Model\GameWorld\spawn_point.h">
      <Filter>Model\GameWorld</Filter>
    </ClInclude>
    <ClInclude Include="Model\GameWorld\team_list.h">
      <Filter>Model\GameWorld</Filter>
    </ClInclude>
    <ClInclude Include="Model\GameWorld\weapon.h">
      <Filter>Model\GameWorld</Filter>
    </ClInclude>
    <ClInclude Include="Model\GameWorld\character_controller.h">
      <Filter>Model\GameWorld</Filter>
    </ClInclude>
    <ClInclude Include="Model\GameWorld\robot_player_pawn.h">
      <Filter>Model\GameWorld</Filter>
    </ClInclude>
    <ClInclude Include="Model\GameWorld\collision_game_object.h">
      <Filter>Model\GameWorld</Filter>
    </ClInclude>
    <ClInclude Include="Model\GameWorld\game_master.h">
      <Filter>Model\GameWorld</Filter>
    </ClInclude>
    <ClInclude Include="Model\GameWorld\rocket.h">
      <Filter>Model\GameWorld</Filter>
    </ClInclude>
    <ClInclude Include="Views\GameMenuView\game_menu_view.h">
      <Filter>Views\GameMenuView</Filter>
    </ClInclude>
    <ClInclude Include="Views\ScreenView\screen_view.h">
      <Filter>Views\ScreenView</Filter>
    </ClInclude>
    <ClInclude Include="Model\Settings\settings.h">
      <Filter>Model\Settings</Filter>
    </ClInclude>
    <ClInclude Include="Model\GameWorld\projectile_hit.h">
      <Filter>Model\GameWorld</Filter>
    </ClInclude>
    <ClInclude Include="Controllers\Screens\game_screen_controller.h">
      <Filter>Controllers\Screens</Filter>
    </ClInclude>
  </ItemGroup>
  <ItemGroup>
    <ClCompile Include="main.cpp" />
    <ClCompile Include="precomp.cpp" />
    <ClCompile Include="Controllers\Screens\menu_screen_controller.cpp">
      <Filter>Controllers\Screens</Filter>
    </ClCompile>
    <ClCompile Include="Model\GameWorld\client_player_pawn.cpp">
      <Filter>Model\GameWorld</Filter>
    </ClCompile>
    <ClCompile Include="Model\GameWorld\elevator.cpp">
      <Filter>Model\GameWorld</Filter>
    </ClCompile>
    <ClCompile Include="Model\GameWorld\flag.cpp">
      <Filter>Model\GameWorld</Filter>
    </ClCompile>
    <ClCompile Include="Model\GameWorld\player_pawn.cpp">
      <Filter>Model\GameWorld</Filter>
    </ClCompile>
    <ClCompile Include="Model\GameWorld\player_ragdoll.cpp">
      <Filter>Model\GameWorld</Filter>
    </ClCompile>
    <ClCompile Include="Model\GameWorld\powerup.cpp">
      <Filter>Model\GameWorld</Filter>
    </ClCompile>
    <ClCompile Include="Model\GameWorld\server_player_pawn.cpp">
      <Filter>Model\GameWorld</Filter>
    </ClCompile>
    <ClCompile Include="Model\GameWorld\spawn_point.cpp">
      <Filter>Model\GameWorld</Filter>
    </ClCompile>
    <ClCompile Include="Model\GameWorld\weapon.cpp">
      <Filter>Model\GameWorld</Filter>
    </ClCompile>
    <ClCompile Include="Model\GameWorld\character_controller.cpp">
      <Filter>Model\GameWorld</Filter>
    </ClCompile>
    <ClCompile Include="Model\GameWorld\robot_player_pawn.cpp">
      <Filter>Model\GameWorld</Filter>
    </ClCompile>
    <ClCompile Include="Model\GameWorld\game_master.cpp">
      <Filter>Model\GameWorld</Filter>
    </ClCompile>
    <ClCompile Include="Model\GameWorld\rocket.cpp">
      <Filter>Model\GameWorld</Filter>
    </ClCompile>
    <ClCompile Include="Views\ScreenView\screen_view.cpp">
      <Filter>Views\ScreenView</Filter>
    </ClCompile>
    <ClCompile Include="Views\GameMenuView\game_menu_view.cpp">
      <Filter>Views\GameMenuView</Filter>
    </ClCompile>
    <ClCompile Include="Model\Settings\settings.cpp">
      <Filter>Model\Settings</Filter>
    </ClCompile>
    <ClCompile Include="Model\GameWorld\projectile_hit.cpp">
      <Filter>Model\GameWorld</Filter>
    </ClCompile>
    <ClCompile Include="Controllers\Screens\game_screen_controller.cpp">
      <Filter>Controllers\Screens</Filter>
    </ClCompile>
  </ItemGroup>
  <ItemGroup>
    <ResourceCompile Include="resource.rc" />
  </ItemGroup>
  <ItemGroup>
    <Filter Include="Controllers">
      <UniqueIdentifier>{ff1660d2-e7ec-42f0-9c0b-9d0f4728c32b}</UniqueIdentifier>
    </Filter>
    <Filter Include="Controllers\Screens">
      <UniqueIdentifier>{78addfe7-7862-4ad7-bc3f-7dac5af93fc6}</UniqueIdentifier>
    </Filter>
    <Filter Include="Model">
      <UniqueIdentifier>{a76bbdf7-da46-4c70-b5b4-0fb75a6d9632}</UniqueIdentifier>
    </Filter>
    <Filter Include="Model\GameWorld">
      <UniqueIdentifier>{8cca7bf5-8fa1-4285-a851-a2372530bb73}</UniqueIdentifier>
    </Filter>
    <Filter Include="Views">
      <UniqueIdentifier>{b589df7e-339c-47a1-a225-47690cbf3e2a}</UniqueIdentifier>
    </Filter>
    <Filter Include="Views\GameMenuView">
      <UniqueIdentifier>{df92617f-bb93-4ca9-8b64-9281caeb1341}</UniqueIdentifier>
    </Filter>
    <Filter Include="Views\ScreenView">
      <UniqueIdentifier>{4f56cf33-9069-4484-96aa-726726ad6849}</UniqueIdentifier>
    </Filter>
    <Filter Include="Model\Settings">
      <UniqueIdentifier>{b7a05c00-d3bd-44e0-b807-8e62f97ed9f0}</UniqueIdentifier>
    </Filter>
  </ItemGroup>
</Project>